<?xml version="1.0" encoding="utf-8"?>
<Project ToolsVersion="4.0" xmlns="http://schemas.microsoft.com/developer/msbuild/2003">
  <ItemGroup>
    <ClCompile Include="main.cpp" />
    <ClCompile Include="demo_basics.cpp" />
    <ClCompile Include="scene.cpp" />
    <ClCompile Include="demo_ui.cpp" />
    <ClCompile Include="demo_sprites.cpp" />
    <ClCompile Include="demo_lines.cpp" />
    <ClCompile Include="demo_mic.cpp" />
    <ClCompile Include="demo_picker.cpp" />
    <ClCompile Include="demo_world.cpp" />
    <ClCompile Include="skt_lighting.cpp" />
    <ClCompile Include="demo_lighting.cpp" />
    <ClCompile Include="demo_draw.cpp" />
    <ClCompile Include="demo_ui_layout.cpp" />
    <ClCompile Include="demo_envmap.cpp" />
    <ClCompile Include="demo_windows.cpp" />
    <ClCompile Include="demo_desktop.cpp" />
    <ClCompile Include="demo_bvh.cpp" />
  </ItemGroup>
  <ItemGroup>
    <ClInclude Include="demo_basics.h" />
    <ClInclude Include="scene.h" />
    <ClInclude Include="demo_ui.h" />
    <ClInclude Include="demo_sprites.h" />
    <ClInclude Include="demo_lines.h" />
    <ClInclude Include="demo_mic.h" />
    <ClInclude Include="demo_picker.h" />
    <ClInclude Include="demo_world.h" />
    <ClInclude Include="demo_windows.h" />
    <ClInclude Include="demo_desktop.h" />
    <ClInclude Include="skt_lighting.h" />
    <ClInclude Include="demo_lighting.h" />
    <ClInclude Include="Shaders\skt_default_lighting.hlsl.h">
      <Filter>Shaders</Filter>
    </ClInclude>
    <ClInclude Include="Shaders\skt_light_only.hlsl.h">
      <Filter>Shaders</Filter>
    </ClInclude>
    <ClInclude Include="demo_draw.h" />
    <ClInclude Include="demo_ui_layout.h" />
    <ClInclude Include="demo_envmap.h" />
    <ClInclude Include="Shaders\blit.hlsl.h">
      <Filter>Shaders</Filter>
    </ClInclude>
    <ClInclude Include="demo_bvh.h" />
  </ItemGroup>
  <ItemGroup>
    <Filter Include="Shaders">
      <UniqueIdentifier>{743c36d2-f0e5-4241-82d2-2b2c61d41ad8}</UniqueIdentifier>
    </Filter>
  </ItemGroup>
  <ItemGroup>
    <None Include="Shaders\skt_light_only.hlsl">
      <Filter>Shaders</Filter>
    </None>
    <None Include="Shaders\skt_default_lighting.hlsl">
      <Filter>Shaders</Filter>
    </None>
    <None Include="Shaders\blit.hlsl" />
  </ItemGroup>
</Project>