<?xml version="1.0" encoding="utf-8"?>
<Project ToolsVersion="4.0" xmlns="http://schemas.microsoft.com/developer/msbuild/2003">
  <ItemGroup>
    <ClCompile Include="camera.cpp">
      <Filter>src</Filter>
    </ClCompile>
    <ClCompile Include="render.cpp">
      <Filter>src</Filter>
    </ClCompile>
    <ClCompile Include="transform.cpp">
      <Filter>src</Filter>
    </ClCompile>
    <ClCompile Include="stereokit.cpp">
      <Filter>src</Filter>
    </ClCompile>
    <ClCompile Include="input.cpp">
      <Filter>src</Filter>
    </ClCompile>
    <ClCompile Include="math.cpp">
      <Filter>src</Filter>
    </ClCompile>
    <ClCompile Include="assets.cpp">
      <Filter>asset_types</Filter>
    </ClCompile>
    <ClCompile Include="material.cpp">
      <Filter>asset_types</Filter>
    </ClCompile>
    <ClCompile Include="mesh.cpp">
      <Filter>asset_types</Filter>
    </ClCompile>
    <ClCompile Include="model.cpp">
      <Filter>asset_types</Filter>
    </ClCompile>
    <ClCompile Include="shader.cpp">
      <Filter>asset_types</Filter>
    </ClCompile>
    <ClCompile Include="texture.cpp">
      <Filter>asset_types</Filter>
    </ClCompile>
    <ClCompile Include="openxr.cpp">
      <Filter>platform</Filter>
    </ClCompile>
    <ClCompile Include="win32.cpp">
      <Filter>platform</Filter>
    </ClCompile>
    <ClCompile Include="d3d.cpp">
      <Filter>src</Filter>
    </ClCompile>
    <ClCompile Include="stref.cpp">
      <Filter>src</Filter>
    </ClCompile>
    <ClCompile Include="input_hand.cpp">
      <Filter>src</Filter>
    </ClCompile>
    <ClCompile Include="win32_input.cpp">
      <Filter>platform</Filter>
    </ClCompile>
    <ClCompile Include="log.cpp">
      <Filter>src</Filter>
    </ClCompile>
  </ItemGroup>
  <ItemGroup>
    <ClInclude Include="stb_image.h">
      <Filter>libraries</Filter>
    </ClInclude>
    <ClInclude Include="stereokit.h" />
    <ClInclude Include="render.h">
      <Filter>src</Filter>
    </ClInclude>
    <ClInclude Include="input.h">
      <Filter>src</Filter>
    </ClInclude>
    <ClInclude Include="cgltf.h">
      <Filter>libraries</Filter>
    </ClInclude>
    <ClInclude Include="assets.h">
      <Filter>asset_types</Filter>
    </ClInclude>
    <ClInclude Include="material.h">
      <Filter>asset_types</Filter>
    </ClInclude>
    <ClInclude Include="mesh.h">
      <Filter>asset_types</Filter>
    </ClInclude>
    <ClInclude Include="model.h">
      <Filter>asset_types</Filter>
    </ClInclude>
    <ClInclude Include="shader.h">
      <Filter>asset_types</Filter>
    </ClInclude>
    <ClInclude Include="texture.h">
      <Filter>asset_types</Filter>
    </ClInclude>
    <ClInclude Include="openxr.h">
      <Filter>platform</Filter>
    </ClInclude>
    <ClInclude Include="win32.h">
      <Filter>platform</Filter>
    </ClInclude>
    <ClInclude Include="d3d.h">
      <Filter>src</Filter>
    </ClInclude>
    <ClInclude Include="stref.h">
      <Filter>src</Filter>
    </ClInclude>
    <ClInclude Include="input_hand.h">
      <Filter>src</Filter>
    </ClInclude>
    <ClInclude Include="input_hand_poses.h">
      <Filter>src</Filter>
    </ClInclude>
    <ClInclude Include="win32_input.h">
      <Filter>platform</Filter>
    </ClInclude>
    <ClInclude Include="shader_builtin_pbr.h">
      <Filter>shaders_builtin</Filter>
    </ClInclude>
    <ClInclude Include="shader_builtin_default.h">
      <Filter>shaders_builtin</Filter>
    </ClInclude>
    <ClInclude Include="shader_builtin.h">
      <Filter>shaders_builtin</Filter>
    </ClInclude>
  </ItemGroup>
  <ItemGroup>
    <Filter Include="src">
      <UniqueIdentifier>{3f36752b-4566-4f15-8a31-664ff4b893d7}</UniqueIdentifier>
    </Filter>
    <Filter Include="libraries">
      <UniqueIdentifier>{cfb83ef1-ab77-402c-9941-23c48f8e553a}</UniqueIdentifier>
    </Filter>
    <Filter Include="platform">
      <UniqueIdentifier>{a7d43184-554f-45b0-85ec-8238a89ea6dd}</UniqueIdentifier>
    </Filter>
    <Filter Include="asset_types">
      <UniqueIdentifier>{b7d6910d-71b4-454e-8c8c-92c434a9b1f4}</UniqueIdentifier>
    </Filter>
    <Filter Include="shaders_builtin">
      <UniqueIdentifier>{79036fcf-7c39-414e-be53-be74d4b55359}</UniqueIdentifier>
    </Filter>
  </ItemGroup>
</Project>