<?xml version="1.0" encoding="utf-8"?>
<Project ToolsVersion="4.0" xmlns="http://schemas.microsoft.com/developer/msbuild/2003">
  <ItemGroup>
    <ClCompile Include="camera.cpp">
      <Filter>src</Filter>
    </ClCompile>
    <ClCompile Include="transform.cpp">
      <Filter>src</Filter>
    </ClCompile>
    <ClCompile Include="stereokit.cpp">
      <Filter>src</Filter>
    </ClCompile>
    <ClCompile Include="math.cpp">
      <Filter>src</Filter>
    </ClCompile>
    <ClCompile Include="log.cpp">
      <Filter>src</Filter>
    </ClCompile>
    <ClCompile Include="systems\platform\openxr.cpp">
      <Filter>systems\platform</Filter>
    </ClCompile>
    <ClCompile Include="systems\platform\win32.cpp">
      <Filter>systems\platform</Filter>
    </ClCompile>
    <ClCompile Include="systems\platform\win32_input.cpp">
      <Filter>systems\platform</Filter>
    </ClCompile>
    <ClCompile Include="systems\d3d.cpp">
      <Filter>systems</Filter>
    </ClCompile>
    <ClCompile Include="systems\input.cpp">
      <Filter>systems</Filter>
    </ClCompile>
    <ClCompile Include="systems\input_hand.cpp">
      <Filter>systems</Filter>
    </ClCompile>
    <ClCompile Include="systems\physics.cpp">
      <Filter>systems</Filter>
    </ClCompile>
    <ClCompile Include="systems\render.cpp">
      <Filter>systems</Filter>
    </ClCompile>
    <ClCompile Include="systems\system.cpp">
      <Filter>systems</Filter>
    </ClCompile>
    <ClCompile Include="systems\text.cpp">
      <Filter>systems</Filter>
    </ClCompile>
    <ClCompile Include="asset_types\assets.cpp">
      <Filter>asset_types</Filter>
    </ClCompile>
    <ClCompile Include="asset_types\font.cpp">
      <Filter>asset_types</Filter>
    </ClCompile>
    <ClCompile Include="asset_types\material.cpp">
      <Filter>asset_types</Filter>
    </ClCompile>
    <ClCompile Include="asset_types\mesh.cpp">
      <Filter>asset_types</Filter>
    </ClCompile>
    <ClCompile Include="asset_types\model.cpp">
      <Filter>asset_types</Filter>
    </ClCompile>
    <ClCompile Include="asset_types\shader.cpp">
      <Filter>asset_types</Filter>
    </ClCompile>
    <ClCompile Include="asset_types\texture.cpp">
      <Filter>asset_types</Filter>
    </ClCompile>
    <ClCompile Include="shaders_builtin\shader_builtin_pbr.cpp">
      <Filter>shaders_builtin</Filter>
    </ClCompile>
    <ClCompile Include="shaders_builtin\shader_builtin_skybox.cpp">
      <Filter>shaders_builtin</Filter>
    </ClCompile>
    <ClCompile Include="shaders_builtin\shader_builtin_default.cpp">
      <Filter>shaders_builtin</Filter>
    </ClCompile>
    <ClCompile Include="shaders_builtin\shader_builtin_equirect.cpp">
      <Filter>shaders_builtin</Filter>
    </ClCompile>
    <ClCompile Include="shaders_builtin\shader_builtin_font.cpp">
      <Filter>shaders_builtin</Filter>
    </ClCompile>
    <ClCompile Include="systems\defaults.cpp">
      <Filter>systems</Filter>
    </ClCompile>
    <ClCompile Include="systems\platform\platform.cpp">
      <Filter>systems\platform</Filter>
    </ClCompile>
    <ClCompile Include="asset_types\sprite.cpp">
      <Filter>asset_types</Filter>
    </ClCompile>
    <ClCompile Include="systems\sprite_drawer.cpp">
      <Filter>systems</Filter>
    </ClCompile>
    <ClCompile Include="shaders_builtin\shader_builtin_unlit.cpp">
      <Filter>shaders_builtin</Filter>
    </ClCompile>
    <ClCompile Include="systems\input_leap.cpp">
      <Filter>systems</Filter>
    </ClCompile>
    <ClCompile Include="stereokit_ui.cpp">
      <Filter>src</Filter>
    </ClCompile>
    <ClCompile Include="libraries\stref.cpp">
      <Filter>libraries</Filter>
    </ClCompile>
    <ClCompile Include="systems\line_drawer.cpp">
      <Filter>systems</Filter>
    </ClCompile>
    <ClCompile Include="shaders_builtin\shader_builtin_lines.cpp">
      <Filter>shaders_builtin</Filter>
    </ClCompile>
  </ItemGroup>
  <ItemGroup>
    <ClInclude Include="stereokit.h" />
    <ClInclude Include="_stereokit.h">
      <Filter>src</Filter>
    </ClInclude>
    <ClInclude Include="libraries\cgltf.h">
      <Filter>libraries</Filter>
    </ClInclude>
    <ClInclude Include="libraries\stb_image.h">
      <Filter>libraries</Filter>
    </ClInclude>
    <ClInclude Include="libraries\stb_rect_pack.h">
      <Filter>libraries</Filter>
    </ClInclude>
    <ClInclude Include="libraries\stb_truetype.h">
      <Filter>libraries</Filter>
    </ClInclude>
    <ClInclude Include="systems\platform\openxr.h">
      <Filter>systems\platform</Filter>
    </ClInclude>
    <ClInclude Include="systems\platform\win32.h">
      <Filter>systems\platform</Filter>
    </ClInclude>
    <ClInclude Include="systems\platform\win32_input.h">
      <Filter>systems\platform</Filter>
    </ClInclude>
    <ClInclude Include="systems\d3d.h">
      <Filter>systems</Filter>
    </ClInclude>
    <ClInclude Include="systems\input.h">
      <Filter>systems</Filter>
    </ClInclude>
    <ClInclude Include="systems\input_hand.h">
      <Filter>systems</Filter>
    </ClInclude>
    <ClInclude Include="systems\input_hand_poses.h">
      <Filter>systems</Filter>
    </ClInclude>
    <ClInclude Include="systems\physics.h">
      <Filter>systems</Filter>
    </ClInclude>
    <ClInclude Include="systems\render.h">
      <Filter>systems</Filter>
    </ClInclude>
    <ClInclude Include="systems\system.h">
      <Filter>systems</Filter>
    </ClInclude>
    <ClInclude Include="systems\text.h">
      <Filter>systems</Filter>
    </ClInclude>
    <ClInclude Include="asset_types\assets.h">
      <Filter>asset_types</Filter>
    </ClInclude>
    <ClInclude Include="asset_types\font.h">
      <Filter>asset_types</Filter>
    </ClInclude>
    <ClInclude Include="asset_types\material.h">
      <Filter>asset_types</Filter>
    </ClInclude>
    <ClInclude Include="asset_types\mesh.h">
      <Filter>asset_types</Filter>
    </ClInclude>
    <ClInclude Include="asset_types\model.h">
      <Filter>asset_types</Filter>
    </ClInclude>
    <ClInclude Include="asset_types\shader.h">
      <Filter>asset_types</Filter>
    </ClInclude>
    <ClInclude Include="asset_types\texture.h">
      <Filter>asset_types</Filter>
    </ClInclude>
    <ClInclude Include="shaders_builtin\shader_builtin.h">
      <Filter>shaders_builtin</Filter>
    </ClInclude>
    <ClInclude Include="systems\defaults.h">
      <Filter>systems</Filter>
    </ClInclude>
    <ClInclude Include="systems\platform\platform.h">
      <Filter>systems\platform</Filter>
    </ClInclude>
    <ClInclude Include="asset_types\sprite.h">
      <Filter>asset_types</Filter>
    </ClInclude>
    <ClInclude Include="systems\sprite_drawer.h">
      <Filter>systems</Filter>
    </ClInclude>
    <ClInclude Include="math.h">
      <Filter>src</Filter>
    </ClInclude>
    <ClInclude Include="systems\input_leap.h">
      <Filter>systems</Filter>
    </ClInclude>
    <ClInclude Include="stereokit_ui.h" />
    <ClInclude Include="libraries\stref.h">
      <Filter>libraries</Filter>
    </ClInclude>
    <ClInclude Include="systems\line_drawer.h">
      <Filter>systems</Filter>
    </ClInclude>
  </ItemGroup>
  <ItemGroup>
    <Filter Include="src">
      <UniqueIdentifier>{3f36752b-4566-4f15-8a31-664ff4b893d7}</UniqueIdentifier>
    </Filter>
    <Filter Include="libraries">
      <UniqueIdentifier>{cfb83ef1-ab77-402c-9941-23c48f8e553a}</UniqueIdentifier>
    </Filter>
    <Filter Include="asset_types">
      <UniqueIdentifier>{b7d6910d-71b4-454e-8c8c-92c434a9b1f4}</UniqueIdentifier>
    </Filter>
    <Filter Include="shaders_builtin">
      <UniqueIdentifier>{79036fcf-7c39-414e-be53-be74d4b55359}</UniqueIdentifier>
    </Filter>
    <Filter Include="systems">
      <UniqueIdentifier>{de5f6896-5968-4954-aa47-a8768106efc9}</UniqueIdentifier>
    </Filter>
    <Filter Include="systems\platform">
      <UniqueIdentifier>{a7d43184-554f-45b0-85ec-8238a89ea6dd}</UniqueIdentifier>
    </Filter>
  </ItemGroup>
</Project>