<?xml version="1.0" encoding="utf-8"?>
<Project ToolsVersion="4.0" xmlns="http://schemas.microsoft.com/developer/msbuild/2003">
  <ItemGroup>
    <ClCompile Include="stereokit.cpp">
      <Filter>src</Filter>
    </ClCompile>
    <ClCompile Include="log.cpp">
      <Filter>src</Filter>
    </ClCompile>
    <ClCompile Include="systems\input.cpp">
      <Filter>systems</Filter>
    </ClCompile>
    <ClCompile Include="systems\render.cpp">
      <Filter>systems</Filter>
    </ClCompile>
    <ClCompile Include="systems\system.cpp">
      <Filter>systems</Filter>
    </ClCompile>
    <ClCompile Include="systems\text.cpp">
      <Filter>systems</Filter>
    </ClCompile>
    <ClCompile Include="asset_types\assets.cpp">
      <Filter>asset_types</Filter>
    </ClCompile>
    <ClCompile Include="asset_types\font.cpp">
      <Filter>asset_types</Filter>
    </ClCompile>
    <ClCompile Include="asset_types\material.cpp">
      <Filter>asset_types</Filter>
    </ClCompile>
    <ClCompile Include="asset_types\mesh.cpp">
      <Filter>asset_types</Filter>
    </ClCompile>
    <ClCompile Include="asset_types\model.cpp">
      <Filter>asset_types</Filter>
    </ClCompile>
    <ClCompile Include="asset_types\shader.cpp">
      <Filter>asset_types</Filter>
    </ClCompile>
    <ClCompile Include="asset_types\texture.cpp">
      <Filter>asset_types</Filter>
    </ClCompile>
    <ClCompile Include="systems\defaults.cpp">
      <Filter>systems</Filter>
    </ClCompile>
    <ClCompile Include="asset_types\sprite.cpp">
      <Filter>asset_types</Filter>
    </ClCompile>
    <ClCompile Include="systems\sprite_drawer.cpp">
      <Filter>systems</Filter>
    </ClCompile>
    <ClCompile Include="libraries\stref.cpp">
      <Filter>libraries</Filter>
    </ClCompile>
    <ClCompile Include="systems\line_drawer.cpp">
      <Filter>systems</Filter>
    </ClCompile>
    <ClCompile Include="color.cpp">
      <Filter>src</Filter>
    </ClCompile>
    <ClCompile Include="hierarchy.cpp">
      <Filter>src</Filter>
    </ClCompile>
    <ClCompile Include="spherical_harmonics.cpp">
      <Filter>src</Filter>
    </ClCompile>
    <ClCompile Include="asset_types\sound.cpp">
      <Filter>asset_types</Filter>
    </ClCompile>
    <ClCompile Include="asset_types\model_obj.cpp">
      <Filter>asset_types</Filter>
    </ClCompile>
    <ClCompile Include="asset_types\model_gltf.cpp">
      <Filter>asset_types</Filter>
    </ClCompile>
    <ClCompile Include="asset_types\model_stl.cpp">
      <Filter>asset_types</Filter>
    </ClCompile>
    <ClCompile Include="libraries\isac_spatial_sound.cpp">
      <Filter>libraries</Filter>
    </ClCompile>
    <ClCompile Include="libraries\sk_gpu.cpp">
      <Filter>libraries</Filter>
    </ClCompile>
    <ClCompile Include="sk_math.cpp">
      <Filter>src</Filter>
    </ClCompile>
    <ClCompile Include="libraries\ferr_hash.cpp">
      <Filter>libraries</Filter>
    </ClCompile>
    <ClCompile Include="libraries\sokol_time.cpp">
      <Filter>libraries</Filter>
    </ClCompile>
    <ClCompile Include="systems\world.cpp">
      <Filter>systems</Filter>
    </ClCompile>
    <ClCompile Include="sk_memory.cpp">
      <Filter>src</Filter>
    </ClCompile>
    <ClCompile Include="asset_types\model_ply.cpp">
      <Filter>asset_types</Filter>
    </ClCompile>
    <ClCompile Include="systems\input_keyboard.cpp">
      <Filter>systems</Filter>
    </ClCompile>
    <ClCompile Include="systems\audio.cpp">
      <Filter>systems</Filter>
    </ClCompile>
    <ClCompile Include="libraries\miniaudio.cpp">
      <Filter>libraries</Filter>
    </ClCompile>
    <ClCompile Include="tools\file_picker.cpp">
      <Filter>tools</Filter>
    </ClCompile>
    <ClCompile Include="rect_atlas.cpp">
      <Filter>src</Filter>
    </ClCompile>
    <ClCompile Include="asset_types\animation.cpp">
      <Filter>asset_types</Filter>
    </ClCompile>
    <ClCompile Include="libraries\qoi.cpp">
      <Filter>libraries</Filter>
    </ClCompile>
    <ClCompile Include="tools\virtual_keyboard.cpp">
      <Filter>tools</Filter>
    </ClCompile>
    <ClCompile Include="ui\stereokit_ui.cpp">
      <Filter>ui</Filter>
    </ClCompile>
    <ClCompile Include="backend.cpp">
      <Filter>src</Filter>
    </ClCompile>
    <ClCompile Include="libraries\cgltf.cpp">
      <Filter>libraries</Filter>
    </ClCompile>
    <ClCompile Include="systems\bbox.cpp">
      <Filter>systems</Filter>
    </ClCompile>
    <ClCompile Include="systems\bvh.cpp">
      <Filter>systems</Filter>
    </ClCompile>
    <ClCompile Include="platforms\android.cpp">
      <Filter>platforms</Filter>
    </ClCompile>
    <ClCompile Include="platforms\linux.cpp">
      <Filter>platforms</Filter>
    </ClCompile>
    <ClCompile Include="platforms\platform.cpp">
      <Filter>platforms</Filter>
    </ClCompile>
    <ClCompile Include="platforms\uwp.cpp">
      <Filter>platforms</Filter>
    </ClCompile>
    <ClCompile Include="platforms\web.cpp">
      <Filter>platforms</Filter>
    </ClCompile>
    <ClCompile Include="platforms\win32.cpp">
      <Filter>platforms</Filter>
    </ClCompile>
    <ClCompile Include="hands\hand_mouse.cpp">
      <Filter>hands</Filter>
    </ClCompile>
    <ClCompile Include="hands\hand_override.cpp">
      <Filter>hands</Filter>
    </ClCompile>
    <ClCompile Include="hands\hand_oxr_articulated.cpp">
      <Filter>hands</Filter>
    </ClCompile>
    <ClCompile Include="hands\hand_oxr_controller.cpp">
      <Filter>hands</Filter>
    </ClCompile>
    <ClCompile Include="hands\input_hand.cpp">
      <Filter>hands</Filter>
    </ClCompile>
    <ClCompile Include="xr_backends\openxr.cpp">
      <Filter>xr_backends</Filter>
    </ClCompile>
    <ClCompile Include="xr_backends\openxr_input.cpp">
      <Filter>xr_backends</Filter>
    </ClCompile>
    <ClCompile Include="xr_backends\openxr_view.cpp">
      <Filter>xr_backends</Filter>
    </ClCompile>
    <ClCompile Include="libraries\unicode.cpp">
      <Filter>libraries</Filter>
    </ClCompile>
    <ClCompile Include="asset_types\anchor.cpp">
      <Filter>asset_types</Filter>
    </ClCompile>
    <ClCompile Include="xr_backends\anchor_openxr_msft.cpp">
      <Filter>xr_backends</Filter>
    </ClCompile>
    <ClCompile Include="xr_backends\anchor_stage.cpp">
      <Filter>xr_backends</Filter>
    </ClCompile>
    <ClCompile Include="ui\ui_layout.cpp">
      <Filter>ui</Filter>
    </ClCompile>
    <ClCompile Include="device.cpp">
      <Filter>src</Filter>
    </ClCompile>
    <ClCompile Include="ui\ui_core.cpp">
      <Filter>ui</Filter>
    </ClCompile>
    <ClCompile Include="utils\sdf.cpp">
      <Filter>utils</Filter>
    </ClCompile>
    <ClCompile Include="ui\ui_theming.cpp">
      <Filter>ui</Filter>
    </ClCompile>
    <ClCompile Include="xr_backends\simulator.cpp">
      <Filter>xr_backends</Filter>
    </ClCompile>
    <ClCompile Include="xr_backends\openxr_scene_understanding.cpp">
      <Filter>xr_backends</Filter>
    </ClCompile>
    <ClCompile Include="utils\random.cpp">
      <Filter>utils</Filter>
    </ClCompile>
    <ClCompile Include="libraries\ferr_thread.cpp">
      <Filter>libraries</Filter>
    </ClCompile>
    <ClCompile Include="xr_backends\xr.cpp">
      <Filter>xr_backends</Filter>
    </ClCompile>
    <ClCompile Include="xr_backends\offscreen.cpp">
      <Filter>xr_backends</Filter>
    </ClCompile>
    <ClCompile Include="xr_backends\window.cpp">
      <Filter>xr_backends</Filter>
    </ClCompile>
    <ClCompile Include="tools\tools.cpp">
      <Filter>tools</Filter>
    </ClCompile>
    <ClCompile Include="platforms\platform_common_win.cpp">
      <Filter>platforms</Filter>
    </ClCompile>
    <ClCompile Include="platforms\platform_common_unix.cpp">
      <Filter>platforms</Filter>
    </ClCompile>
    <ClCompile Include="systems\render_pipeline.cpp">
      <Filter>systems</Filter>
    </ClCompile>
    <ClCompile Include="systems\_stereokit_systems.cpp">
      <Filter>systems</Filter>
    </ClCompile>
    <ClCompile Include="systems\input_render.cpp">
      <Filter>systems</Filter>
    </ClCompile>
    <ClCompile Include="libraries\stb.cpp">
      <Filter>libraries</Filter>
    </ClCompile>
    <ClCompile Include="libraries\sk_fontfile.cpp">
      <Filter>libraries</Filter>
    </ClCompile>
    <ClCompile Include="lib\include\basisu\basisu_transcoder.cpp" />
    <ClCompile Include="lib\include\zstd\zstd.c" />
    <ClCompile Include="asset_types\texture_compression.cpp">
      <Filter>asset_types</Filter>
    </ClCompile>
  </ItemGroup>
  <ItemGroup>
    <ClInclude Include="stereokit.h" />
    <ClInclude Include="_stereokit.h">
      <Filter>src</Filter>
    </ClInclude>
    <ClInclude Include="libraries\cgltf.h">
      <Filter>libraries</Filter>
    </ClInclude>
    <ClInclude Include="libraries\stb_image.h">
      <Filter>libraries</Filter>
    </ClInclude>
    <ClInclude Include="libraries\stb_truetype.h">
      <Filter>libraries</Filter>
    </ClInclude>
    <ClInclude Include="systems\input.h">
      <Filter>systems</Filter>
    </ClInclude>
    <ClInclude Include="systems\render.h">
      <Filter>systems</Filter>
    </ClInclude>
    <ClInclude Include="systems\system.h">
      <Filter>systems</Filter>
    </ClInclude>
    <ClInclude Include="systems\text.h">
      <Filter>systems</Filter>
    </ClInclude>
    <ClInclude Include="asset_types\assets.h">
      <Filter>asset_types</Filter>
    </ClInclude>
    <ClInclude Include="asset_types\font.h">
      <Filter>asset_types</Filter>
    </ClInclude>
    <ClInclude Include="asset_types\material.h">
      <Filter>asset_types</Filter>
    </ClInclude>
    <ClInclude Include="asset_types\mesh.h">
      <Filter>asset_types</Filter>
    </ClInclude>
    <ClInclude Include="asset_types\model.h">
      <Filter>asset_types</Filter>
    </ClInclude>
    <ClInclude Include="asset_types\shader.h">
      <Filter>asset_types</Filter>
    </ClInclude>
    <ClInclude Include="asset_types\texture.h">
      <Filter>asset_types</Filter>
    </ClInclude>
    <ClInclude Include="shaders_builtin\shader_builtin.h">
      <Filter>shaders_builtin</Filter>
    </ClInclude>
    <ClInclude Include="systems\defaults.h">
      <Filter>systems</Filter>
    </ClInclude>
    <ClInclude Include="asset_types\sprite.h">
      <Filter>asset_types</Filter>
    </ClInclude>
    <ClInclude Include="systems\sprite_drawer.h">
      <Filter>systems</Filter>
    </ClInclude>
    <ClInclude Include="libraries\stref.h">
      <Filter>libraries</Filter>
    </ClInclude>
    <ClInclude Include="systems\line_drawer.h">
      <Filter>systems</Filter>
    </ClInclude>
    <ClInclude Include="_stereokit_ui.h">
      <Filter>src</Filter>
    </ClInclude>
    <ClInclude Include="libraries\stb_image_write.h">
      <Filter>libraries</Filter>
    </ClInclude>
    <ClInclude Include="hierarchy.h">
      <Filter>src</Filter>
    </ClInclude>
    <ClInclude Include="spherical_harmonics.h">
      <Filter>src</Filter>
    </ClInclude>
    <ClInclude Include="libraries\miniaudio.h">
      <Filter>libraries</Filter>
    </ClInclude>
    <ClInclude Include="asset_types\sound.h">
      <Filter>asset_types</Filter>
    </ClInclude>
    <ClInclude Include="log.h">
      <Filter>src</Filter>
    </ClInclude>
    <ClInclude Include="libraries\isac_spatial_sound.h">
      <Filter>libraries</Filter>
    </ClInclude>
    <ClInclude Include="libraries\array.h">
      <Filter>libraries</Filter>
    </ClInclude>
    <ClInclude Include="sk_math.h">
      <Filter>src</Filter>
    </ClInclude>
    <ClInclude Include="libraries\ferr_hash.h">
      <Filter>libraries</Filter>
    </ClInclude>
    <ClInclude Include="libraries\sokol_time.h">
      <Filter>libraries</Filter>
    </ClInclude>
    <ClInclude Include="sk_memory.h">
      <Filter>src</Filter>
    </ClInclude>
    <ClInclude Include="libraries\micro_ply.h">
      <Filter>libraries</Filter>
    </ClInclude>
    <ClInclude Include="systems\input_keyboard.h">
      <Filter>systems</Filter>
    </ClInclude>
    <ClInclude Include="systems\audio.h">
      <Filter>systems</Filter>
    </ClInclude>
    <ClInclude Include="tools\file_picker.h">
      <Filter>tools</Filter>
    </ClInclude>
    <ClInclude Include="systems\world.h">
      <Filter>systems</Filter>
    </ClInclude>
    <ClInclude Include="libraries\unicode.h">
      <Filter>libraries</Filter>
    </ClInclude>
    <ClInclude Include="rect_atlas.h">
      <Filter>src</Filter>
    </ClInclude>
    <ClInclude Include="asset_types\animation.h">
      <Filter>asset_types</Filter>
    </ClInclude>
    <ClInclude Include="libraries\aileron_font_data.h">
      <Filter>libraries</Filter>
    </ClInclude>
    <ClInclude Include="libraries\qoi.h">
      <Filter>libraries</Filter>
    </ClInclude>
    <ClInclude Include="tools\virtual_keyboard.h">
      <Filter>tools</Filter>
    </ClInclude>
    <ClInclude Include="stereokit_ui.h">
      <Filter>ui</Filter>
    </ClInclude>
    <ClInclude Include="sk_math_dx.h">
      <Filter>src</Filter>
    </ClInclude>
    <ClInclude Include="asset_types\mesh_.h">
      <Filter>asset_types</Filter>
    </ClInclude>
    <ClInclude Include="asset_types\texture_.h">
      <Filter>asset_types</Filter>
    </ClInclude>
    <ClInclude Include="systems\bbox.h">
      <Filter>systems</Filter>
    </ClInclude>
    <ClInclude Include="systems\bvh.h">
      <Filter>systems</Filter>
    </ClInclude>
    <ClInclude Include="platforms\android.h">
      <Filter>platforms</Filter>
    </ClInclude>
    <ClInclude Include="platforms\linux.h">
      <Filter>platforms</Filter>
    </ClInclude>
    <ClInclude Include="platforms\platform.h">
      <Filter>platforms</Filter>
    </ClInclude>
    <ClInclude Include="platforms\uwp.h">
      <Filter>platforms</Filter>
    </ClInclude>
    <ClInclude Include="platforms\web.h">
      <Filter>platforms</Filter>
    </ClInclude>
    <ClInclude Include="platforms\win32.h">
      <Filter>platforms</Filter>
    </ClInclude>
    <ClInclude Include="hands\hand_mouse.h">
      <Filter>hands</Filter>
    </ClInclude>
    <ClInclude Include="hands\hand_override.h">
      <Filter>hands</Filter>
    </ClInclude>
    <ClInclude Include="hands\hand_oxr_articulated.h">
      <Filter>hands</Filter>
    </ClInclude>
    <ClInclude Include="hands\hand_oxr_controller.h">
      <Filter>hands</Filter>
    </ClInclude>
    <ClInclude Include="hands\hand_poses.h">
      <Filter>hands</Filter>
    </ClInclude>
    <ClInclude Include="hands\input_hand.h">
      <Filter>hands</Filter>
    </ClInclude>
    <ClInclude Include="xr_backends\openxr.h">
      <Filter>xr_backends</Filter>
    </ClInclude>
    <ClInclude Include="xr_backends\openxr_extensions.h">
      <Filter>xr_backends</Filter>
    </ClInclude>
    <ClInclude Include="xr_backends\openxr_input.h">
      <Filter>xr_backends</Filter>
    </ClInclude>
    <ClInclude Include="xr_backends\openxr_view.h">
      <Filter>xr_backends</Filter>
    </ClInclude>
    <ClInclude Include="asset_types\anchor.h">
      <Filter>asset_types</Filter>
    </ClInclude>
    <ClInclude Include="xr_backends\anchor_openxr_msft.h">
      <Filter>xr_backends</Filter>
    </ClInclude>
    <ClInclude Include="xr_backends\anchor_stage.h">
      <Filter>xr_backends</Filter>
    </ClInclude>
    <ClInclude Include="libraries\atomic_util.h">
      <Filter>libraries</Filter>
    </ClInclude>
    <ClInclude Include="ui\ui_layout.h">
      <Filter>ui</Filter>
    </ClInclude>
    <ClInclude Include="device.h">
      <Filter>src</Filter>
    </ClInclude>
    <ClInclude Include="ui\ui_core.h">
      <Filter>ui</Filter>
    </ClInclude>
    <ClInclude Include="utils\sdf.h">
      <Filter>utils</Filter>
    </ClInclude>
    <ClInclude Include="ui\ui_theming.h">
      <Filter>ui</Filter>
    </ClInclude>
    <ClInclude Include="xr_backends\simulator.h">
      <Filter>xr_backends</Filter>
    </ClInclude>
    <ClInclude Include="xr_backends\openxr_scene_understanding.h">
      <Filter>xr_backends</Filter>
    </ClInclude>
    <ClInclude Include="utils\random.h">
      <Filter>utils</Filter>
    </ClInclude>
    <ClInclude Include="libraries\ferr_thread.h">
      <Filter>libraries</Filter>
    </ClInclude>
    <ClInclude Include="xr_backends\xr.h">
      <Filter>xr_backends</Filter>
    </ClInclude>
    <ClInclude Include="xr_backends\window.h">
      <Filter>xr_backends</Filter>
    </ClInclude>
    <ClInclude Include="xr_backends\offscreen.h">
      <Filter>xr_backends</Filter>
    </ClInclude>
    <ClInclude Include="platforms\_platform.h">
      <Filter>platforms</Filter>
    </ClInclude>
    <ClInclude Include="tools\tools.h">
      <Filter>tools</Filter>
    </ClInclude>
    <ClInclude Include="systems\render_pipeline.h">
      <Filter>systems</Filter>
    </ClInclude>
    <ClInclude Include="systems\_stereokit_systems.h">
      <Filter>systems</Filter>
    </ClInclude>
    <ClInclude Include="systems\input_render.h">
      <Filter>systems</Filter>
    </ClInclude>
    <ClInclude Include="libraries\default_controller_r.h">
      <Filter>libraries</Filter>
    </ClInclude>
    <ClInclude Include="libraries\default_controller_l.h">
      <Filter>libraries</Filter>
    </ClInclude>
    <ClInclude Include="systems\render_.h">
      <Filter>systems</Filter>
    </ClInclude>
    <ClInclude Include="libraries\sk_fontfile.h">
      <Filter>libraries</Filter>
    </ClInclude>
    <ClInclude Include="asset_types\texture_compression.h">
      <Filter>asset_types</Filter>
    </ClInclude>
  </ItemGroup>
  <ItemGroup>
    <Filter Include="src">
      <UniqueIdentifier>{3f36752b-4566-4f15-8a31-664ff4b893d7}</UniqueIdentifier>
    </Filter>
    <Filter Include="libraries">
      <UniqueIdentifier>{cfb83ef1-ab77-402c-9941-23c48f8e553a}</UniqueIdentifier>
    </Filter>
    <Filter Include="asset_types">
      <UniqueIdentifier>{b7d6910d-71b4-454e-8c8c-92c434a9b1f4}</UniqueIdentifier>
    </Filter>
    <Filter Include="shaders_builtin">
      <UniqueIdentifier>{79036fcf-7c39-414e-be53-be74d4b55359}</UniqueIdentifier>
    </Filter>
    <Filter Include="systems">
      <UniqueIdentifier>{de5f6896-5968-4954-aa47-a8768106efc9}</UniqueIdentifier>
    </Filter>
    <Filter Include="tools">
      <UniqueIdentifier>{670092e3-dca4-4cbc-b5ae-316a003e386c}</UniqueIdentifier>
    </Filter>
    <Filter Include="ui">
      <UniqueIdentifier>{5eaf06cf-6159-4a20-a332-4b2cff24a5b4}</UniqueIdentifier>
    </Filter>
    <Filter Include="platforms">
      <UniqueIdentifier>{2bd74ae9-9a33-4dc8-a28d-d8dc9f664168}</UniqueIdentifier>
    </Filter>
    <Filter Include="hands">
      <UniqueIdentifier>{be519ea9-3c71-47b8-ba59-a70ff9a0cbe0}</UniqueIdentifier>
    </Filter>
    <Filter Include="xr_backends">
      <UniqueIdentifier>{16429ea8-7ffe-4668-8807-596c42670405}</UniqueIdentifier>
    </Filter>
    <Filter Include="utils">
      <UniqueIdentifier>{cc487034-d7b8-48bc-85ed-fba2b844bd5e}</UniqueIdentifier>
    </Filter>
  </ItemGroup>
  <ItemGroup>
    <None Include="cpp.hint" />
    <None Include="shaders_builtin\shader_builtin_default.hlsl">
      <Filter>shaders_builtin</Filter>
    </None>
    <None Include="shaders_builtin\shader_builtin_equirect.hlsl">
      <Filter>shaders_builtin</Filter>
    </None>
    <None Include="shaders_builtin\shader_builtin_font.hlsl">
      <Filter>shaders_builtin</Filter>
    </None>
    <None Include="shaders_builtin\shader_builtin_lines.hlsl">
      <Filter>shaders_builtin</Filter>
    </None>
    <None Include="shaders_builtin\shader_builtin_pbr.hlsl">
      <Filter>shaders_builtin</Filter>
    </None>
    <None Include="shaders_builtin\shader_builtin_skybox.hlsl">
      <Filter>shaders_builtin</Filter>
    </None>
    <None Include="shaders_builtin\shader_builtin_ui.hlsl">
      <Filter>shaders_builtin</Filter>
    </None>
    <None Include="shaders_builtin\shader_builtin_ui_quadrant.hlsl">
      <Filter>shaders_builtin</Filter>
    </None>
    <None Include="shaders_builtin\shader_builtin_unlit.hlsl">
      <Filter>shaders_builtin</Filter>
    </None>
    <None Include="shaders_builtin\shader_builtin_ui_box.hlsl">
      <Filter>shaders_builtin</Filter>
    </None>
    <None Include="shaders_builtin\shader_builtin_unlit_clip.hlsl">
      <Filter>shaders_builtin</Filter>
    </None>
    <None Include="shaders_builtin\shader_builtin_pbr_clip.hlsl">
      <Filter>shaders_builtin</Filter>
    </None>
    <None Include="packages.config" />
    <None Include="shaders_builtin\shader_builtin_blit.hlsl">
      <Filter>shaders_builtin</Filter>
    </None>
    <None Include="$(ProjectDir)..\tools\include\stereokit.hlsli">
      <Filter>shaders_builtin</Filter>
    </None>
    <None Include="$(ProjectDir)..\tools\include\stereokit_pbr.hlsli">
      <Filter>shaders_builtin</Filter>
    </None>
    <None Include="shaders_builtin\shader_builtin_ui_aura.hlsl">
      <Filter>shaders_builtin</Filter>
    </None>
    <None Include="shaders_builtin\shader_builtin_lightmap.hlsl">
      <Filter>shaders_builtin</Filter>
    </None>
  </ItemGroup>
  <ItemGroup>
    <Natvis Include="debugger_vis.natvis" />
  </ItemGroup>
</Project>