Microsoft Visual Studio Solution File, Format Version 12.00
# Visual Studio Version 16
VisualStudioVersion = 16.0.28803.352
MinimumVisualStudioVersion = 10.0.40219.1
Project("{8BC9CEB8-8B4A-11D0-8D11-00A0C91BC942}") = "StereoKitC", "StereoKitC\StereoKitC.vcxproj", "{95B47C8E-3A66-483C-ABEE-950E6C2F621A}"
EndProject
Project("{8BC9CEB8-8B4A-11D0-8D11-00A0C91BC942}") = "StereoKitCTest", "Examples\StereoKitCTest\StereoKitCTest.vcxproj", "{B9F338BD-A226-43BF-B6B5-A797F51C7B0D}"
EndProject
Project("{FAE04EC0-301F-11D3-BF4B-00C04F79EFBC}") = "StereoKitTest", "Examples\StereoKitTest\StereoKitTest.csproj", "{E8C5B727-BA6C-4253-8A05-17A941B15929}"
	ProjectSection(ProjectDependencies) = postProject
		{95B47C8E-3A66-483C-ABEE-950E6C2F621A} = {95B47C8E-3A66-483C-ABEE-950E6C2F621A}
	EndProjectSection
EndProject
Project("{2150E333-8FDC-42A3-9474-1A3956D46DE8}") = "Examples", "Examples", "{93E37CDE-B507-40F1-9F03-EFA53D58EB4C}"
EndProject
Project("{2150E333-8FDC-42A3-9474-1A3956D46DE8}") = "Core", "Core", "{E75A3A8B-6F4E-46ED-B8DA-EC12CF98F567}"
EndProject
Project("{9A19103F-16F7-4668-BE54-9A1E7A4F7556}") = "StereoKit", "StereoKit\StereoKit.csproj", "{0152979D-5D5E-4D18-9EF7-7261581B2BC6}"
	ProjectSection(ProjectDependencies) = postProject
		{95B47C8E-3A66-483C-ABEE-950E6C2F621A} = {95B47C8E-3A66-483C-ABEE-950E6C2F621A}
	EndProjectSection
EndProject
Global
	GlobalSection(SolutionConfigurationPlatforms) = preSolution
		Debug|Any CPU = Debug|Any CPU
		Debug|x64 = Debug|x64
		Debug|x86 = Debug|x86
		Release|Any CPU = Release|Any CPU
		Release|x64 = Release|x64
		Release|x86 = Release|x86
	EndGlobalSection
	GlobalSection(ProjectConfigurationPlatforms) = postSolution
		{95B47C8E-3A66-483C-ABEE-950E6C2F621A}.Debug|Any CPU.ActiveCfg = Debug|Win32
		{95B47C8E-3A66-483C-ABEE-950E6C2F621A}.Debug|x64.ActiveCfg = Debug|x64
		{95B47C8E-3A66-483C-ABEE-950E6C2F621A}.Debug|x64.Build.0 = Debug|x64
		{95B47C8E-3A66-483C-ABEE-950E6C2F621A}.Debug|x86.ActiveCfg = Debug|Win32
		{95B47C8E-3A66-483C-ABEE-950E6C2F621A}.Debug|x86.Build.0 = Debug|Win32
		{95B47C8E-3A66-483C-ABEE-950E6C2F621A}.Release|Any CPU.ActiveCfg = Release|Win32
		{95B47C8E-3A66-483C-ABEE-950E6C2F621A}.Release|x64.ActiveCfg = Release|x64
		{95B47C8E-3A66-483C-ABEE-950E6C2F621A}.Release|x64.Build.0 = Release|x64
		{95B47C8E-3A66-483C-ABEE-950E6C2F621A}.Release|x86.ActiveCfg = Release|Win32
		{95B47C8E-3A66-483C-ABEE-950E6C2F621A}.Release|x86.Build.0 = Release|Win32
		{B9F338BD-A226-43BF-B6B5-A797F51C7B0D}.Debug|Any CPU.ActiveCfg = Debug|Win32
		{B9F338BD-A226-43BF-B6B5-A797F51C7B0D}.Debug|x64.ActiveCfg = Debug|x64
		{B9F338BD-A226-43BF-B6B5-A797F51C7B0D}.Debug|x64.Build.0 = Debug|x64
		{B9F338BD-A226-43BF-B6B5-A797F51C7B0D}.Debug|x86.ActiveCfg = Debug|Win32
		{B9F338BD-A226-43BF-B6B5-A797F51C7B0D}.Debug|x86.Build.0 = Debug|Win32
		{B9F338BD-A226-43BF-B6B5-A797F51C7B0D}.Release|Any CPU.ActiveCfg = Release|Win32
		{B9F338BD-A226-43BF-B6B5-A797F51C7B0D}.Release|x64.ActiveCfg = Release|x64
		{B9F338BD-A226-43BF-B6B5-A797F51C7B0D}.Release|x64.Build.0 = Release|x64
		{B9F338BD-A226-43BF-B6B5-A797F51C7B0D}.Release|x86.ActiveCfg = Release|Win32
		{B9F338BD-A226-43BF-B6B5-A797F51C7B0D}.Release|x86.Build.0 = Release|Win32
		{E8C5B727-BA6C-4253-8A05-17A941B15929}.Debug|Any CPU.ActiveCfg = Debug|Any CPU
		{E8C5B727-BA6C-4253-8A05-17A941B15929}.Debug|Any CPU.Build.0 = Debug|Any CPU
		{E8C5B727-BA6C-4253-8A05-17A941B15929}.Debug|x64.ActiveCfg = Debug|Any CPU
		{E8C5B727-BA6C-4253-8A05-17A941B15929}.Debug|x64.Build.0 = Debug|Any CPU
		{E8C5B727-BA6C-4253-8A05-17A941B15929}.Debug|x86.ActiveCfg = Debug|Any CPU
		{E8C5B727-BA6C-4253-8A05-17A941B15929}.Debug|x86.Build.0 = Debug|Any CPU
		{E8C5B727-BA6C-4253-8A05-17A941B15929}.Release|Any CPU.ActiveCfg = Release|Any CPU
		{E8C5B727-BA6C-4253-8A05-17A941B15929}.Release|Any CPU.Build.0 = Release|Any CPU
		{E8C5B727-BA6C-4253-8A05-17A941B15929}.Release|x64.ActiveCfg = Release|Any CPU
		{E8C5B727-BA6C-4253-8A05-17A941B15929}.Release|x64.Build.0 = Release|Any CPU
		{E8C5B727-BA6C-4253-8A05-17A941B15929}.Release|x86.ActiveCfg = Release|Any CPU
		{E8C5B727-BA6C-4253-8A05-17A941B15929}.Release|x86.Build.0 = Release|Any CPU
		{0152979D-5D5E-4D18-9EF7-7261581B2BC6}.Debug|Any CPU.ActiveCfg = Debug|Any CPU
		{0152979D-5D5E-4D18-9EF7-7261581B2BC6}.Debug|Any CPU.Build.0 = Debug|Any CPU
		{0152979D-5D5E-4D18-9EF7-7261581B2BC6}.Debug|x64.ActiveCfg = Debug|Any CPU
		{0152979D-5D5E-4D18-9EF7-7261581B2BC6}.Debug|x64.Build.0 = Debug|Any CPU
		{0152979D-5D5E-4D18-9EF7-7261581B2BC6}.Debug|x86.ActiveCfg = Debug|Any CPU
		{0152979D-5D5E-4D18-9EF7-7261581B2BC6}.Debug|x86.Build.0 = Debug|Any CPU
		{0152979D-5D5E-4D18-9EF7-7261581B2BC6}.Release|Any CPU.ActiveCfg = Release|Any CPU
		{0152979D-5D5E-4D18-9EF7-7261581B2BC6}.Release|Any CPU.Build.0 = Release|Any CPU
		{0152979D-5D5E-4D18-9EF7-7261581B2BC6}.Release|x64.ActiveCfg = Release|Any CPU
		{0152979D-5D5E-4D18-9EF7-7261581B2BC6}.Release|x64.Build.0 = Release|Any CPU
		{0152979D-5D5E-4D18-9EF7-7261581B2BC6}.Release|x86.ActiveCfg = Release|Any CPU
		{0152979D-5D5E-4D18-9EF7-7261581B2BC6}.Release|x86.Build.0 = Release|Any CPU
	EndGlobalSection
	GlobalSection(SolutionProperties) = preSolution
		HideSolutionNode = FALSE
	EndGlobalSection
	GlobalSection(NestedProjects) = preSolution
		{95B47C8E-3A66-483C-ABEE-950E6C2F621A} = {E75A3A8B-6F4E-46ED-B8DA-EC12CF98F567}
		{B9F338BD-A226-43BF-B6B5-A797F51C7B0D} = {93E37CDE-B507-40F1-9F03-EFA53D58EB4C}
		{E8C5B727-BA6C-4253-8A05-17A941B15929} = {93E37CDE-B507-40F1-9F03-EFA53D58EB4C}
		{0152979D-5D5E-4D18-9EF7-7261581B2BC6} = {E75A3A8B-6F4E-46ED-B8DA-EC12CF98F567}
	EndGlobalSection
	GlobalSection(ExtensibilityGlobals) = postSolution
		SolutionGuid = {900C22B3-9585-4C5A-9EF6-9A7142E38986}
	EndGlobalSection
EndGlobal
