Microsoft Visual Studio Solution File, Format Version 12.00
# Visual Studio Version 17
VisualStudioVersion = 17.1.32328.378
MinimumVisualStudioVersion = 10.0.40219.1
Project("{8BC9CEB8-8B4A-11D0-8D11-00A0C91BC942}") = "StereoKitC", "StereoKitC\StereoKitC.vcxproj", "{95B47C8E-3A66-483C-ABEE-950E6C2F621A}"
EndProject
Project("{8BC9CEB8-8B4A-11D0-8D11-00A0C91BC942}") = "StereoKitCTest", "Examples\StereoKitCTest\StereoKitCTest.vcxproj", "{B9F338BD-A226-43BF-B6B5-A797F51C7B0D}"
	ProjectSection(ProjectDependencies) = postProject
		{95B47C8E-3A66-483C-ABEE-950E6C2F621A} = {95B47C8E-3A66-483C-ABEE-950E6C2F621A}
	EndProjectSection
EndProject
Project("{9A19103F-16F7-4668-BE54-9A1E7A4F7556}") = "StereoKitTest", "Examples\StereoKitTest\StereoKitTest.csproj", "{E8C5B727-BA6C-4253-8A05-17A941B15929}"
	ProjectSection(ProjectDependencies) = postProject
		{95B47C8E-3A66-483C-ABEE-950E6C2F621A} = {95B47C8E-3A66-483C-ABEE-950E6C2F621A}
	EndProjectSection
EndProject
Project("{2150E333-8FDC-42A3-9474-1A3956D46DE8}") = "Examples", "Examples", "{93E37CDE-B507-40F1-9F03-EFA53D58EB4C}"
EndProject
Project("{2150E333-8FDC-42A3-9474-1A3956D46DE8}") = "Core", "Core", "{E75A3A8B-6F4E-46ED-B8DA-EC12CF98F567}"
EndProject
Project("{9A19103F-16F7-4668-BE54-9A1E7A4F7556}") = "StereoKit", "StereoKit\StereoKit.csproj", "{0152979D-5D5E-4D18-9EF7-7261581B2BC6}"
EndProject
Project("{8BC9CEB8-8B4A-11D0-8D11-00A0C91BC942}") = "StereoKitC_UWP", "StereoKitC\StereoKitC_UWP\StereoKitC_UWP.vcxproj", "{45AF7827-11CA-4691-A063-8C78FB0BE1EC}"
EndProject
Project("{8BC9CEB8-8B4A-11D0-8D11-00A0C91BC942}") = "StereoKitCTest_UWP", "Examples\StereoKitCTest\StereoKitCTest_UWP\StereoKitCTest_UWP.vcxproj", "{0362B3F9-F256-4DA7-8F36-01DA3B7776D5}"
	ProjectSection(ProjectDependencies) = postProject
		{45AF7827-11CA-4691-A063-8C78FB0BE1EC} = {45AF7827-11CA-4691-A063-8C78FB0BE1EC}
	EndProjectSection
EndProject
Project("{FAE04EC0-301F-11D3-BF4B-00C04F79EFBC}") = "StereoKitTest_UWP", "Examples\StereoKitTest\StereoKitTest_UWP\StereoKitTest_UWP.csproj", "{6AAC0A23-0742-4689-B65D-0B2F5291FB39}"
EndProject
Project("{2150E333-8FDC-42A3-9474-1A3956D46DE8}") = "StereoKitCTest_Android", "StereoKitCTest_Android", "{E1760E50-F70B-480C-A1F0-24E81062D8D8}"
EndProject
Project("{39E2626F-3545-4960-A6E8-258AD8476CE5}") = "StereoKitCTest_Android.Packaging", "Examples\StereoKitCTest_Android\StereoKitCTest_Android.Packaging\StereoKitCTest_Android.Packaging.androidproj", "{212E8A64-9681-4F53-96F5-82267CFB6016}"
EndProject
Project("{8BC9CEB8-8B4A-11D0-8D11-00A0C91BC942}") = "StereoKitCTest_Android.NativeActivity", "Examples\StereoKitCTest_Android\StereoKitCTest_Android.NativeActivity\StereoKitCTest_Android.NativeActivity.vcxproj", "{12FC8AFF-066E-45CD-A039-F0245522FF67}"
EndProject
Project("{FAE04EC0-301F-11D3-BF4B-00C04F79EFBC}") = "StereoKitTest_Android", "Examples\StereoKitTest\StereoKitTest_Android\StereoKitTest_Android.csproj", "{9D8B248C-0BAA-4C08-A21D-40C814A992B4}"
EndProject
Project("{9A19103F-16F7-4668-BE54-9A1E7A4F7556}") = "StereoKitAPIGen", "Tools\StereoKitAPIGen\StereoKitAPIGen.csproj", "{D99BB395-3C2F-4EE4-88FA-DCAC5A3D02AB}"
EndProject
Global
	GlobalSection(SolutionConfigurationPlatforms) = preSolution
		Debug|Any CPU = Debug|Any CPU
		Debug|ARM = Debug|ARM
		Debug|ARM64 = Debug|ARM64
		Debug|x64 = Debug|x64
		Release|Any CPU = Release|Any CPU
		Release|ARM = Release|ARM
		Release|ARM64 = Release|ARM64
		Release|x64 = Release|x64
	EndGlobalSection
	GlobalSection(ProjectConfigurationPlatforms) = postSolution
		{95B47C8E-3A66-483C-ABEE-950E6C2F621A}.Debug|Any CPU.ActiveCfg = Debug|x64
		{95B47C8E-3A66-483C-ABEE-950E6C2F621A}.Debug|Any CPU.Build.0 = Debug|x64
		{95B47C8E-3A66-483C-ABEE-950E6C2F621A}.Debug|ARM.ActiveCfg = Debug|x64
		{95B47C8E-3A66-483C-ABEE-950E6C2F621A}.Debug|ARM.Build.0 = Debug|x64
		{95B47C8E-3A66-483C-ABEE-950E6C2F621A}.Debug|ARM64.ActiveCfg = Debug|x64
		{95B47C8E-3A66-483C-ABEE-950E6C2F621A}.Debug|ARM64.Build.0 = Debug|x64
		{95B47C8E-3A66-483C-ABEE-950E6C2F621A}.Debug|x64.ActiveCfg = Debug|x64
		{95B47C8E-3A66-483C-ABEE-950E6C2F621A}.Debug|x64.Build.0 = Debug|x64
		{95B47C8E-3A66-483C-ABEE-950E6C2F621A}.Release|Any CPU.ActiveCfg = Release|x64
		{95B47C8E-3A66-483C-ABEE-950E6C2F621A}.Release|Any CPU.Build.0 = Release|x64
		{95B47C8E-3A66-483C-ABEE-950E6C2F621A}.Release|ARM.ActiveCfg = Release|x64
		{95B47C8E-3A66-483C-ABEE-950E6C2F621A}.Release|ARM.Build.0 = Release|x64
		{95B47C8E-3A66-483C-ABEE-950E6C2F621A}.Release|ARM64.ActiveCfg = Release|x64
		{95B47C8E-3A66-483C-ABEE-950E6C2F621A}.Release|ARM64.Build.0 = Release|x64
		{95B47C8E-3A66-483C-ABEE-950E6C2F621A}.Release|x64.ActiveCfg = Release|x64
		{95B47C8E-3A66-483C-ABEE-950E6C2F621A}.Release|x64.Build.0 = Release|x64
		{B9F338BD-A226-43BF-B6B5-A797F51C7B0D}.Debug|Any CPU.ActiveCfg = Debug|x64
		{B9F338BD-A226-43BF-B6B5-A797F51C7B0D}.Debug|Any CPU.Build.0 = Debug|x64
		{B9F338BD-A226-43BF-B6B5-A797F51C7B0D}.Debug|ARM.ActiveCfg = Debug|x64
		{B9F338BD-A226-43BF-B6B5-A797F51C7B0D}.Debug|ARM.Build.0 = Debug|x64
		{B9F338BD-A226-43BF-B6B5-A797F51C7B0D}.Debug|ARM64.ActiveCfg = Debug|x64
		{B9F338BD-A226-43BF-B6B5-A797F51C7B0D}.Debug|ARM64.Build.0 = Debug|x64
		{B9F338BD-A226-43BF-B6B5-A797F51C7B0D}.Debug|x64.ActiveCfg = Debug|x64
		{B9F338BD-A226-43BF-B6B5-A797F51C7B0D}.Debug|x64.Build.0 = Debug|x64
		{B9F338BD-A226-43BF-B6B5-A797F51C7B0D}.Release|Any CPU.ActiveCfg = Release|x64
		{B9F338BD-A226-43BF-B6B5-A797F51C7B0D}.Release|Any CPU.Build.0 = Release|x64
		{B9F338BD-A226-43BF-B6B5-A797F51C7B0D}.Release|ARM.ActiveCfg = Release|x64
		{B9F338BD-A226-43BF-B6B5-A797F51C7B0D}.Release|ARM.Build.0 = Release|x64
		{B9F338BD-A226-43BF-B6B5-A797F51C7B0D}.Release|ARM64.ActiveCfg = Release|x64
		{B9F338BD-A226-43BF-B6B5-A797F51C7B0D}.Release|ARM64.Build.0 = Release|x64
		{B9F338BD-A226-43BF-B6B5-A797F51C7B0D}.Release|x64.ActiveCfg = Release|x64
		{B9F338BD-A226-43BF-B6B5-A797F51C7B0D}.Release|x64.Build.0 = Release|x64
		{E8C5B727-BA6C-4253-8A05-17A941B15929}.Debug|Any CPU.ActiveCfg = Debug|Any CPU
		{E8C5B727-BA6C-4253-8A05-17A941B15929}.Debug|Any CPU.Build.0 = Debug|Any CPU
		{E8C5B727-BA6C-4253-8A05-17A941B15929}.Debug|ARM.ActiveCfg = Debug|Any CPU
		{E8C5B727-BA6C-4253-8A05-17A941B15929}.Debug|ARM.Build.0 = Debug|Any CPU
		{E8C5B727-BA6C-4253-8A05-17A941B15929}.Debug|ARM64.ActiveCfg = Debug|Any CPU
		{E8C5B727-BA6C-4253-8A05-17A941B15929}.Debug|ARM64.Build.0 = Debug|Any CPU
		{E8C5B727-BA6C-4253-8A05-17A941B15929}.Debug|x64.ActiveCfg = Debug|Any CPU
		{E8C5B727-BA6C-4253-8A05-17A941B15929}.Debug|x64.Build.0 = Debug|Any CPU
		{E8C5B727-BA6C-4253-8A05-17A941B15929}.Release|Any CPU.ActiveCfg = Release|Any CPU
		{E8C5B727-BA6C-4253-8A05-17A941B15929}.Release|Any CPU.Build.0 = Release|Any CPU
		{E8C5B727-BA6C-4253-8A05-17A941B15929}.Release|ARM.ActiveCfg = Release|Any CPU
		{E8C5B727-BA6C-4253-8A05-17A941B15929}.Release|ARM.Build.0 = Release|Any CPU
		{E8C5B727-BA6C-4253-8A05-17A941B15929}.Release|ARM64.ActiveCfg = Release|Any CPU
		{E8C5B727-BA6C-4253-8A05-17A941B15929}.Release|ARM64.Build.0 = Release|Any CPU
		{E8C5B727-BA6C-4253-8A05-17A941B15929}.Release|x64.ActiveCfg = Release|Any CPU
		{E8C5B727-BA6C-4253-8A05-17A941B15929}.Release|x64.Build.0 = Release|Any CPU
		{0152979D-5D5E-4D18-9EF7-7261581B2BC6}.Debug|Any CPU.ActiveCfg = Debug|Any CPU
		{0152979D-5D5E-4D18-9EF7-7261581B2BC6}.Debug|Any CPU.Build.0 = Debug|Any CPU
		{0152979D-5D5E-4D18-9EF7-7261581B2BC6}.Debug|ARM.ActiveCfg = Debug|ARM
		{0152979D-5D5E-4D18-9EF7-7261581B2BC6}.Debug|ARM.Build.0 = Debug|ARM
		{0152979D-5D5E-4D18-9EF7-7261581B2BC6}.Debug|ARM64.ActiveCfg = Debug|ARM64
		{0152979D-5D5E-4D18-9EF7-7261581B2BC6}.Debug|ARM64.Build.0 = Debug|ARM64
		{0152979D-5D5E-4D18-9EF7-7261581B2BC6}.Debug|x64.ActiveCfg = Debug|x64
		{0152979D-5D5E-4D18-9EF7-7261581B2BC6}.Debug|x64.Build.0 = Debug|x64
		{0152979D-5D5E-4D18-9EF7-7261581B2BC6}.Release|Any CPU.ActiveCfg = Release|Any CPU
		{0152979D-5D5E-4D18-9EF7-7261581B2BC6}.Release|Any CPU.Build.0 = Release|Any CPU
		{0152979D-5D5E-4D18-9EF7-7261581B2BC6}.Release|ARM.ActiveCfg = Release|ARM
		{0152979D-5D5E-4D18-9EF7-7261581B2BC6}.Release|ARM.Build.0 = Release|ARM
		{0152979D-5D5E-4D18-9EF7-7261581B2BC6}.Release|ARM64.ActiveCfg = Release|ARM64
		{0152979D-5D5E-4D18-9EF7-7261581B2BC6}.Release|ARM64.Build.0 = Release|ARM64
		{0152979D-5D5E-4D18-9EF7-7261581B2BC6}.Release|x64.ActiveCfg = Release|x64
		{0152979D-5D5E-4D18-9EF7-7261581B2BC6}.Release|x64.Build.0 = Release|x64
		{45AF7827-11CA-4691-A063-8C78FB0BE1EC}.Debug|Any CPU.ActiveCfg = Debug|x64
		{45AF7827-11CA-4691-A063-8C78FB0BE1EC}.Debug|Any CPU.Build.0 = Debug|x64
		{45AF7827-11CA-4691-A063-8C78FB0BE1EC}.Debug|ARM.ActiveCfg = Debug|ARM
		{45AF7827-11CA-4691-A063-8C78FB0BE1EC}.Debug|ARM.Build.0 = Debug|ARM
		{45AF7827-11CA-4691-A063-8C78FB0BE1EC}.Debug|ARM64.ActiveCfg = Debug|ARM64
		{45AF7827-11CA-4691-A063-8C78FB0BE1EC}.Debug|ARM64.Build.0 = Debug|ARM64
		{45AF7827-11CA-4691-A063-8C78FB0BE1EC}.Debug|x64.ActiveCfg = Debug|x64
		{45AF7827-11CA-4691-A063-8C78FB0BE1EC}.Debug|x64.Build.0 = Debug|x64
		{45AF7827-11CA-4691-A063-8C78FB0BE1EC}.Release|Any CPU.ActiveCfg = Release|x64
		{45AF7827-11CA-4691-A063-8C78FB0BE1EC}.Release|Any CPU.Build.0 = Release|x64
		{45AF7827-11CA-4691-A063-8C78FB0BE1EC}.Release|ARM.ActiveCfg = Release|ARM
		{45AF7827-11CA-4691-A063-8C78FB0BE1EC}.Release|ARM.Build.0 = Release|ARM
		{45AF7827-11CA-4691-A063-8C78FB0BE1EC}.Release|ARM64.ActiveCfg = Release|ARM64
		{45AF7827-11CA-4691-A063-8C78FB0BE1EC}.Release|ARM64.Build.0 = Release|ARM64
		{45AF7827-11CA-4691-A063-8C78FB0BE1EC}.Release|x64.ActiveCfg = Release|x64
		{45AF7827-11CA-4691-A063-8C78FB0BE1EC}.Release|x64.Build.0 = Release|x64
		{0362B3F9-F256-4DA7-8F36-01DA3B7776D5}.Debug|Any CPU.ActiveCfg = Debug|x64
		{0362B3F9-F256-4DA7-8F36-01DA3B7776D5}.Debug|Any CPU.Build.0 = Debug|x64
		{0362B3F9-F256-4DA7-8F36-01DA3B7776D5}.Debug|Any CPU.Deploy.0 = Debug|x64
		{0362B3F9-F256-4DA7-8F36-01DA3B7776D5}.Debug|ARM.ActiveCfg = Debug|ARM
		{0362B3F9-F256-4DA7-8F36-01DA3B7776D5}.Debug|ARM.Build.0 = Debug|ARM
		{0362B3F9-F256-4DA7-8F36-01DA3B7776D5}.Debug|ARM.Deploy.0 = Debug|ARM
		{0362B3F9-F256-4DA7-8F36-01DA3B7776D5}.Debug|ARM64.ActiveCfg = Debug|ARM64
		{0362B3F9-F256-4DA7-8F36-01DA3B7776D5}.Debug|ARM64.Build.0 = Debug|ARM64
		{0362B3F9-F256-4DA7-8F36-01DA3B7776D5}.Debug|ARM64.Deploy.0 = Debug|ARM64
		{0362B3F9-F256-4DA7-8F36-01DA3B7776D5}.Debug|x64.ActiveCfg = Debug|x64
		{0362B3F9-F256-4DA7-8F36-01DA3B7776D5}.Debug|x64.Build.0 = Debug|x64
		{0362B3F9-F256-4DA7-8F36-01DA3B7776D5}.Debug|x64.Deploy.0 = Debug|x64
		{0362B3F9-F256-4DA7-8F36-01DA3B7776D5}.Release|Any CPU.ActiveCfg = Release|x64
		{0362B3F9-F256-4DA7-8F36-01DA3B7776D5}.Release|Any CPU.Build.0 = Release|x64
		{0362B3F9-F256-4DA7-8F36-01DA3B7776D5}.Release|Any CPU.Deploy.0 = Release|x64
		{0362B3F9-F256-4DA7-8F36-01DA3B7776D5}.Release|ARM.ActiveCfg = Release|ARM
		{0362B3F9-F256-4DA7-8F36-01DA3B7776D5}.Release|ARM.Build.0 = Release|ARM
		{0362B3F9-F256-4DA7-8F36-01DA3B7776D5}.Release|ARM.Deploy.0 = Release|ARM
		{0362B3F9-F256-4DA7-8F36-01DA3B7776D5}.Release|ARM64.ActiveCfg = Release|ARM64
		{0362B3F9-F256-4DA7-8F36-01DA3B7776D5}.Release|ARM64.Build.0 = Release|ARM64
		{0362B3F9-F256-4DA7-8F36-01DA3B7776D5}.Release|ARM64.Deploy.0 = Release|ARM64
		{0362B3F9-F256-4DA7-8F36-01DA3B7776D5}.Release|x64.ActiveCfg = Release|x64
		{0362B3F9-F256-4DA7-8F36-01DA3B7776D5}.Release|x64.Build.0 = Release|x64
		{0362B3F9-F256-4DA7-8F36-01DA3B7776D5}.Release|x64.Deploy.0 = Release|x64
		{6AAC0A23-0742-4689-B65D-0B2F5291FB39}.Debug|Any CPU.ActiveCfg = Debug|x64
		{6AAC0A23-0742-4689-B65D-0B2F5291FB39}.Debug|Any CPU.Build.0 = Debug|x64
		{6AAC0A23-0742-4689-B65D-0B2F5291FB39}.Debug|Any CPU.Deploy.0 = Debug|x64
		{6AAC0A23-0742-4689-B65D-0B2F5291FB39}.Debug|ARM.ActiveCfg = Debug|ARM
		{6AAC0A23-0742-4689-B65D-0B2F5291FB39}.Debug|ARM.Build.0 = Debug|ARM
		{6AAC0A23-0742-4689-B65D-0B2F5291FB39}.Debug|ARM.Deploy.0 = Debug|ARM
		{6AAC0A23-0742-4689-B65D-0B2F5291FB39}.Debug|ARM64.ActiveCfg = Debug|ARM64
		{6AAC0A23-0742-4689-B65D-0B2F5291FB39}.Debug|ARM64.Build.0 = Debug|ARM64
		{6AAC0A23-0742-4689-B65D-0B2F5291FB39}.Debug|ARM64.Deploy.0 = Debug|ARM64
		{6AAC0A23-0742-4689-B65D-0B2F5291FB39}.Debug|x64.ActiveCfg = Debug|x64
		{6AAC0A23-0742-4689-B65D-0B2F5291FB39}.Debug|x64.Build.0 = Debug|x64
		{6AAC0A23-0742-4689-B65D-0B2F5291FB39}.Debug|x64.Deploy.0 = Debug|x64
		{6AAC0A23-0742-4689-B65D-0B2F5291FB39}.Release|Any CPU.ActiveCfg = Release|x64
		{6AAC0A23-0742-4689-B65D-0B2F5291FB39}.Release|Any CPU.Build.0 = Release|x64
		{6AAC0A23-0742-4689-B65D-0B2F5291FB39}.Release|Any CPU.Deploy.0 = Release|x64
		{6AAC0A23-0742-4689-B65D-0B2F5291FB39}.Release|ARM.ActiveCfg = Release|ARM
		{6AAC0A23-0742-4689-B65D-0B2F5291FB39}.Release|ARM.Build.0 = Release|ARM
		{6AAC0A23-0742-4689-B65D-0B2F5291FB39}.Release|ARM.Deploy.0 = Release|ARM
		{6AAC0A23-0742-4689-B65D-0B2F5291FB39}.Release|ARM64.ActiveCfg = Release|ARM64
		{6AAC0A23-0742-4689-B65D-0B2F5291FB39}.Release|ARM64.Build.0 = Release|ARM64
		{6AAC0A23-0742-4689-B65D-0B2F5291FB39}.Release|ARM64.Deploy.0 = Release|ARM64
		{6AAC0A23-0742-4689-B65D-0B2F5291FB39}.Release|x64.ActiveCfg = Release|x64
		{6AAC0A23-0742-4689-B65D-0B2F5291FB39}.Release|x64.Build.0 = Release|x64
		{6AAC0A23-0742-4689-B65D-0B2F5291FB39}.Release|x64.Deploy.0 = Release|x64
		{212E8A64-9681-4F53-96F5-82267CFB6016}.Debug|Any CPU.ActiveCfg = Debug|ARM
		{212E8A64-9681-4F53-96F5-82267CFB6016}.Debug|Any CPU.Build.0 = Debug|ARM
		{212E8A64-9681-4F53-96F5-82267CFB6016}.Debug|Any CPU.Deploy.0 = Debug|ARM
		{212E8A64-9681-4F53-96F5-82267CFB6016}.Debug|ARM.ActiveCfg = Debug|ARM
		{212E8A64-9681-4F53-96F5-82267CFB6016}.Debug|ARM.Build.0 = Debug|ARM
		{212E8A64-9681-4F53-96F5-82267CFB6016}.Debug|ARM.Deploy.0 = Debug|ARM
		{212E8A64-9681-4F53-96F5-82267CFB6016}.Debug|ARM64.ActiveCfg = Debug|ARM64
		{212E8A64-9681-4F53-96F5-82267CFB6016}.Debug|ARM64.Build.0 = Debug|ARM64
		{212E8A64-9681-4F53-96F5-82267CFB6016}.Debug|ARM64.Deploy.0 = Debug|ARM64
		{212E8A64-9681-4F53-96F5-82267CFB6016}.Debug|x64.ActiveCfg = Debug|ARM
		{212E8A64-9681-4F53-96F5-82267CFB6016}.Debug|x64.Build.0 = Debug|ARM
		{212E8A64-9681-4F53-96F5-82267CFB6016}.Debug|x64.Deploy.0 = Debug|ARM
		{212E8A64-9681-4F53-96F5-82267CFB6016}.Release|Any CPU.ActiveCfg = Release|ARM
		{212E8A64-9681-4F53-96F5-82267CFB6016}.Release|Any CPU.Build.0 = Release|ARM
		{212E8A64-9681-4F53-96F5-82267CFB6016}.Release|Any CPU.Deploy.0 = Release|ARM
		{212E8A64-9681-4F53-96F5-82267CFB6016}.Release|ARM.ActiveCfg = Release|ARM
		{212E8A64-9681-4F53-96F5-82267CFB6016}.Release|ARM.Build.0 = Release|ARM
		{212E8A64-9681-4F53-96F5-82267CFB6016}.Release|ARM.Deploy.0 = Release|ARM
		{212E8A64-9681-4F53-96F5-82267CFB6016}.Release|ARM64.ActiveCfg = Release|ARM64
		{212E8A64-9681-4F53-96F5-82267CFB6016}.Release|ARM64.Build.0 = Release|ARM64
		{212E8A64-9681-4F53-96F5-82267CFB6016}.Release|ARM64.Deploy.0 = Release|ARM64
		{212E8A64-9681-4F53-96F5-82267CFB6016}.Release|x64.ActiveCfg = Release|ARM
		{212E8A64-9681-4F53-96F5-82267CFB6016}.Release|x64.Build.0 = Release|ARM
		{212E8A64-9681-4F53-96F5-82267CFB6016}.Release|x64.Deploy.0 = Release|ARM
		{12FC8AFF-066E-45CD-A039-F0245522FF67}.Debug|Any CPU.ActiveCfg = Debug|ARM
		{12FC8AFF-066E-45CD-A039-F0245522FF67}.Debug|Any CPU.Build.0 = Debug|ARM
		{12FC8AFF-066E-45CD-A039-F0245522FF67}.Debug|ARM.ActiveCfg = Debug|ARM
		{12FC8AFF-066E-45CD-A039-F0245522FF67}.Debug|ARM.Build.0 = Debug|ARM
		{12FC8AFF-066E-45CD-A039-F0245522FF67}.Debug|ARM64.ActiveCfg = Debug|ARM64
		{12FC8AFF-066E-45CD-A039-F0245522FF67}.Debug|ARM64.Build.0 = Debug|ARM64
		{12FC8AFF-066E-45CD-A039-F0245522FF67}.Debug|x64.ActiveCfg = Debug|ARM
		{12FC8AFF-066E-45CD-A039-F0245522FF67}.Debug|x64.Build.0 = Debug|ARM
		{12FC8AFF-066E-45CD-A039-F0245522FF67}.Release|Any CPU.ActiveCfg = Release|ARM
		{12FC8AFF-066E-45CD-A039-F0245522FF67}.Release|Any CPU.Build.0 = Release|ARM
		{12FC8AFF-066E-45CD-A039-F0245522FF67}.Release|ARM.ActiveCfg = Release|ARM
		{12FC8AFF-066E-45CD-A039-F0245522FF67}.Release|ARM.Build.0 = Release|ARM
		{12FC8AFF-066E-45CD-A039-F0245522FF67}.Release|ARM64.ActiveCfg = Release|ARM64
		{12FC8AFF-066E-45CD-A039-F0245522FF67}.Release|ARM64.Build.0 = Release|ARM64
		{12FC8AFF-066E-45CD-A039-F0245522FF67}.Release|x64.ActiveCfg = Release|ARM
		{12FC8AFF-066E-45CD-A039-F0245522FF67}.Release|x64.Build.0 = Release|ARM
		{9D8B248C-0BAA-4C08-A21D-40C814A992B4}.Debug|Any CPU.ActiveCfg = Debug|Any CPU
		{9D8B248C-0BAA-4C08-A21D-40C814A992B4}.Debug|Any CPU.Build.0 = Debug|Any CPU
		{9D8B248C-0BAA-4C08-A21D-40C814A992B4}.Debug|Any CPU.Deploy.0 = Debug|Any CPU
		{9D8B248C-0BAA-4C08-A21D-40C814A992B4}.Debug|ARM.ActiveCfg = Debug|Any CPU
		{9D8B248C-0BAA-4C08-A21D-40C814A992B4}.Debug|ARM.Build.0 = Debug|Any CPU
		{9D8B248C-0BAA-4C08-A21D-40C814A992B4}.Debug|ARM.Deploy.0 = Debug|Any CPU
		{9D8B248C-0BAA-4C08-A21D-40C814A992B4}.Debug|ARM64.ActiveCfg = Debug|Any CPU
		{9D8B248C-0BAA-4C08-A21D-40C814A992B4}.Debug|ARM64.Build.0 = Debug|Any CPU
		{9D8B248C-0BAA-4C08-A21D-40C814A992B4}.Debug|ARM64.Deploy.0 = Debug|Any CPU
		{9D8B248C-0BAA-4C08-A21D-40C814A992B4}.Debug|x64.ActiveCfg = Debug|Any CPU
		{9D8B248C-0BAA-4C08-A21D-40C814A992B4}.Debug|x64.Build.0 = Debug|Any CPU
		{9D8B248C-0BAA-4C08-A21D-40C814A992B4}.Debug|x64.Deploy.0 = Debug|Any CPU
		{9D8B248C-0BAA-4C08-A21D-40C814A992B4}.Release|Any CPU.ActiveCfg = Release|Any CPU
		{9D8B248C-0BAA-4C08-A21D-40C814A992B4}.Release|Any CPU.Build.0 = Release|Any CPU
		{9D8B248C-0BAA-4C08-A21D-40C814A992B4}.Release|Any CPU.Deploy.0 = Release|Any CPU
		{9D8B248C-0BAA-4C08-A21D-40C814A992B4}.Release|ARM.ActiveCfg = Release|Any CPU
		{9D8B248C-0BAA-4C08-A21D-40C814A992B4}.Release|ARM.Build.0 = Release|Any CPU
		{9D8B248C-0BAA-4C08-A21D-40C814A992B4}.Release|ARM.Deploy.0 = Release|Any CPU
		{9D8B248C-0BAA-4C08-A21D-40C814A992B4}.Release|ARM64.ActiveCfg = Release|Any CPU
		{9D8B248C-0BAA-4C08-A21D-40C814A992B4}.Release|ARM64.Build.0 = Release|Any CPU
		{9D8B248C-0BAA-4C08-A21D-40C814A992B4}.Release|ARM64.Deploy.0 = Release|Any CPU
		{9D8B248C-0BAA-4C08-A21D-40C814A992B4}.Release|x64.ActiveCfg = Release|Any CPU
		{9D8B248C-0BAA-4C08-A21D-40C814A992B4}.Release|x64.Build.0 = Release|Any CPU
		{9D8B248C-0BAA-4C08-A21D-40C814A992B4}.Release|x64.Deploy.0 = Release|Any CPU
		{D99BB395-3C2F-4EE4-88FA-DCAC5A3D02AB}.Debug|Any CPU.ActiveCfg = Debug|Any CPU
		{D99BB395-3C2F-4EE4-88FA-DCAC5A3D02AB}.Debug|Any CPU.Build.0 = Debug|Any CPU
		{D99BB395-3C2F-4EE4-88FA-DCAC5A3D02AB}.Debug|ARM.ActiveCfg = Debug|Any CPU
		{D99BB395-3C2F-4EE4-88FA-DCAC5A3D02AB}.Debug|ARM.Build.0 = Debug|Any CPU
		{D99BB395-3C2F-4EE4-88FA-DCAC5A3D02AB}.Debug|ARM64.ActiveCfg = Debug|Any CPU
		{D99BB395-3C2F-4EE4-88FA-DCAC5A3D02AB}.Debug|ARM64.Build.0 = Debug|Any CPU
		{D99BB395-3C2F-4EE4-88FA-DCAC5A3D02AB}.Debug|x64.ActiveCfg = Debug|Any CPU
		{D99BB395-3C2F-4EE4-88FA-DCAC5A3D02AB}.Debug|x64.Build.0 = Debug|Any CPU
		{D99BB395-3C2F-4EE4-88FA-DCAC5A3D02AB}.Release|Any CPU.ActiveCfg = Release|Any CPU
		{D99BB395-3C2F-4EE4-88FA-DCAC5A3D02AB}.Release|Any CPU.Build.0 = Release|Any CPU
		{D99BB395-3C2F-4EE4-88FA-DCAC5A3D02AB}.Release|ARM.ActiveCfg = Release|Any CPU
		{D99BB395-3C2F-4EE4-88FA-DCAC5A3D02AB}.Release|ARM.Build.0 = Release|Any CPU
		{D99BB395-3C2F-4EE4-88FA-DCAC5A3D02AB}.Release|ARM64.ActiveCfg = Release|Any CPU
		{D99BB395-3C2F-4EE4-88FA-DCAC5A3D02AB}.Release|ARM64.Build.0 = Release|Any CPU
		{D99BB395-3C2F-4EE4-88FA-DCAC5A3D02AB}.Release|x64.ActiveCfg = Release|Any CPU
		{D99BB395-3C2F-4EE4-88FA-DCAC5A3D02AB}.Release|x64.Build.0 = Release|Any CPU
	EndGlobalSection
	GlobalSection(SolutionProperties) = preSolution
		HideSolutionNode = FALSE
	EndGlobalSection
	GlobalSection(NestedProjects) = preSolution
		{95B47C8E-3A66-483C-ABEE-950E6C2F621A} = {E75A3A8B-6F4E-46ED-B8DA-EC12CF98F567}
		{B9F338BD-A226-43BF-B6B5-A797F51C7B0D} = {93E37CDE-B507-40F1-9F03-EFA53D58EB4C}
		{E8C5B727-BA6C-4253-8A05-17A941B15929} = {93E37CDE-B507-40F1-9F03-EFA53D58EB4C}
		{0152979D-5D5E-4D18-9EF7-7261581B2BC6} = {E75A3A8B-6F4E-46ED-B8DA-EC12CF98F567}
		{45AF7827-11CA-4691-A063-8C78FB0BE1EC} = {E75A3A8B-6F4E-46ED-B8DA-EC12CF98F567}
		{0362B3F9-F256-4DA7-8F36-01DA3B7776D5} = {93E37CDE-B507-40F1-9F03-EFA53D58EB4C}
		{6AAC0A23-0742-4689-B65D-0B2F5291FB39} = {93E37CDE-B507-40F1-9F03-EFA53D58EB4C}
		{E1760E50-F70B-480C-A1F0-24E81062D8D8} = {93E37CDE-B507-40F1-9F03-EFA53D58EB4C}
		{212E8A64-9681-4F53-96F5-82267CFB6016} = {E1760E50-F70B-480C-A1F0-24E81062D8D8}
		{12FC8AFF-066E-45CD-A039-F0245522FF67} = {E1760E50-F70B-480C-A1F0-24E81062D8D8}
		{9D8B248C-0BAA-4C08-A21D-40C814A992B4} = {93E37CDE-B507-40F1-9F03-EFA53D58EB4C}
		{D99BB395-3C2F-4EE4-88FA-DCAC5A3D02AB} = {E75A3A8B-6F4E-46ED-B8DA-EC12CF98F567}
	EndGlobalSection
	GlobalSection(ExtensibilityGlobals) = postSolution
		SolutionGuid = {900C22B3-9585-4C5A-9EF6-9A7142E38986}
	EndGlobalSection
EndGlobal
