
Microsoft Visual Studio Solution File, Format Version 12.00
# Visual Studio Version 16
VisualStudioVersion = 16.0.30717.126
MinimumVisualStudioVersion = 10.0.40219.1
Project("{9A19103F-16F7-4668-BE54-9A1E7A4F7556}") = "StereoKit_DotNet", "Platforms\StereoKit_DotNet\StereoKit_DotNet.csproj", "{2930BBFF-27E8-449A-A6F4-24642C573178}"
EndProject
Project("{9A19103F-16F7-4668-BE54-9A1E7A4F7556}") = "StereoKitApp", "StereoKitApp.csproj", "{9A9B3DD2-9925-4E07-9857-513501540739}"
EndProject
Project("{2150E333-8FDC-42A3-9474-1A3956D46DE8}") = "Platforms", "Platforms", "{22090651-387D-4E47-BF87-4B854DCE5DB1}"
EndProject
Project("{FAE04EC0-301F-11D3-BF4B-00C04F79EFBC}") = "StereoKit_UWP", "Platforms\StereoKit_UWP\StereoKit_UWP.csproj", "{4F693D80-51B1-48F6-9752-509D8E2EDD97}"
EndProject
Project("{FAE04EC0-301F-11D3-BF4B-00C04F79EFBC}") = "StereoKit_Android", "Platforms\StereoKit_Android\StereoKit_Android.csproj", "{D7E1E175-556B-45FE-8F03-67FFC9FA97D7}"
EndProject
Global
	GlobalSection(SolutionConfigurationPlatforms) = preSolution
		Debug|Any CPU = Debug|Any CPU
		Debug|ARM64 = Debug|ARM64
		Debug|x64 = Debug|x64
		Release|Any CPU = Release|Any CPU
		Release|ARM64 = Release|ARM64
		Release|x64 = Release|x64
	EndGlobalSection
	GlobalSection(ProjectConfigurationPlatforms) = postSolution
		{2930BBFF-27E8-449A-A6F4-24642C573178}.Debug|Any CPU.ActiveCfg = Debug|Any CPU
		{2930BBFF-27E8-449A-A6F4-24642C573178}.Debug|Any CPU.Build.0 = Debug|Any CPU
		{2930BBFF-27E8-449A-A6F4-24642C573178}.Debug|ARM64.ActiveCfg = Debug|Any CPU
		{2930BBFF-27E8-449A-A6F4-24642C573178}.Debug|ARM64.Build.0 = Debug|Any CPU
		{2930BBFF-27E8-449A-A6F4-24642C573178}.Debug|x64.ActiveCfg = Debug|Any CPU
		{2930BBFF-27E8-449A-A6F4-24642C573178}.Debug|x64.Build.0 = Debug|Any CPU
		{2930BBFF-27E8-449A-A6F4-24642C573178}.Release|Any CPU.ActiveCfg = Release|Any CPU
		{2930BBFF-27E8-449A-A6F4-24642C573178}.Release|Any CPU.Build.0 = Release|Any CPU
		{2930BBFF-27E8-449A-A6F4-24642C573178}.Release|ARM64.ActiveCfg = Release|Any CPU
		{2930BBFF-27E8-449A-A6F4-24642C573178}.Release|ARM64.Build.0 = Release|Any CPU
		{2930BBFF-27E8-449A-A6F4-24642C573178}.Release|x64.ActiveCfg = Release|Any CPU
		{2930BBFF-27E8-449A-A6F4-24642C573178}.Release|x64.Build.0 = Release|Any CPU
		{9A9B3DD2-9925-4E07-9857-513501540739}.Debug|Any CPU.ActiveCfg = Debug|Any CPU
		{9A9B3DD2-9925-4E07-9857-513501540739}.Debug|Any CPU.Build.0 = Debug|Any CPU
		{9A9B3DD2-9925-4E07-9857-513501540739}.Debug|ARM64.ActiveCfg = Debug|Any CPU
		{9A9B3DD2-9925-4E07-9857-513501540739}.Debug|ARM64.Build.0 = Debug|Any CPU
		{9A9B3DD2-9925-4E07-9857-513501540739}.Debug|x64.ActiveCfg = Debug|Any CPU
		{9A9B3DD2-9925-4E07-9857-513501540739}.Debug|x64.Build.0 = Debug|Any CPU
		{9A9B3DD2-9925-4E07-9857-513501540739}.Release|Any CPU.ActiveCfg = Release|Any CPU
		{9A9B3DD2-9925-4E07-9857-513501540739}.Release|Any CPU.Build.0 = Release|Any CPU
		{9A9B3DD2-9925-4E07-9857-513501540739}.Release|ARM64.ActiveCfg = Release|Any CPU
		{9A9B3DD2-9925-4E07-9857-513501540739}.Release|ARM64.Build.0 = Release|Any CPU
		{9A9B3DD2-9925-4E07-9857-513501540739}.Release|x64.ActiveCfg = Release|Any CPU
		{9A9B3DD2-9925-4E07-9857-513501540739}.Release|x64.Build.0 = Release|Any CPU
		{4F693D80-51B1-48F6-9752-509D8E2EDD97}.Debug|Any CPU.ActiveCfg = Debug|x64
		{4F693D80-51B1-48F6-9752-509D8E2EDD97}.Debug|ARM64.ActiveCfg = Debug|ARM64
		{4F693D80-51B1-48F6-9752-509D8E2EDD97}.Debug|ARM64.Build.0 = Debug|ARM64
		{4F693D80-51B1-48F6-9752-509D8E2EDD97}.Debug|ARM64.Deploy.0 = Debug|ARM64
		{4F693D80-51B1-48F6-9752-509D8E2EDD97}.Debug|x64.ActiveCfg = Debug|x64
		{4F693D80-51B1-48F6-9752-509D8E2EDD97}.Debug|x64.Build.0 = Debug|x64
		{4F693D80-51B1-48F6-9752-509D8E2EDD97}.Debug|x64.Deploy.0 = Debug|x64
		{4F693D80-51B1-48F6-9752-509D8E2EDD97}.Release|Any CPU.ActiveCfg = Release|x64
		{4F693D80-51B1-48F6-9752-509D8E2EDD97}.Release|ARM64.ActiveCfg = Release|ARM64
		{4F693D80-51B1-48F6-9752-509D8E2EDD97}.Release|ARM64.Build.0 = Release|ARM64
		{4F693D80-51B1-48F6-9752-509D8E2EDD97}.Release|ARM64.Deploy.0 = Release|ARM64
		{4F693D80-51B1-48F6-9752-509D8E2EDD97}.Release|x64.ActiveCfg = Release|x64
		{4F693D80-51B1-48F6-9752-509D8E2EDD97}.Release|x64.Build.0 = Release|x64
		{4F693D80-51B1-48F6-9752-509D8E2EDD97}.Release|x64.Deploy.0 = Release|x64
		{D7E1E175-556B-45FE-8F03-67FFC9FA97D7}.Debug|Any CPU.ActiveCfg = Debug|Any CPU
		{D7E1E175-556B-45FE-8F03-67FFC9FA97D7}.Debug|Any CPU.Build.0 = Debug|Any CPU
		{D7E1E175-556B-45FE-8F03-67FFC9FA97D7}.Debug|Any CPU.Deploy.0 = Debug|Any CPU
		{D7E1E175-556B-45FE-8F03-67FFC9FA97D7}.Debug|ARM64.ActiveCfg = Debug|Any CPU
		{D7E1E175-556B-45FE-8F03-67FFC9FA97D7}.Debug|ARM64.Build.0 = Debug|Any CPU
		{D7E1E175-556B-45FE-8F03-67FFC9FA97D7}.Debug|ARM64.Deploy.0 = Debug|Any CPU
		{D7E1E175-556B-45FE-8F03-67FFC9FA97D7}.Debug|x64.ActiveCfg = Debug|Any CPU
		{D7E1E175-556B-45FE-8F03-67FFC9FA97D7}.Debug|x64.Build.0 = Debug|Any CPU
		{D7E1E175-556B-45FE-8F03-67FFC9FA97D7}.Debug|x64.Deploy.0 = Debug|Any CPU
		{D7E1E175-556B-45FE-8F03-67FFC9FA97D7}.Release|Any CPU.ActiveCfg = Release|Any CPU
		{D7E1E175-556B-45FE-8F03-67FFC9FA97D7}.Release|Any CPU.Build.0 = Release|Any CPU
		{D7E1E175-556B-45FE-8F03-67FFC9FA97D7}.Release|Any CPU.Deploy.0 = Release|Any CPU
		{D7E1E175-556B-45FE-8F03-67FFC9FA97D7}.Release|ARM64.ActiveCfg = Release|Any CPU
		{D7E1E175-556B-45FE-8F03-67FFC9FA97D7}.Release|ARM64.Build.0 = Release|Any CPU
		{D7E1E175-556B-45FE-8F03-67FFC9FA97D7}.Release|ARM64.Deploy.0 = Release|Any CPU
		{D7E1E175-556B-45FE-8F03-67FFC9FA97D7}.Release|x64.ActiveCfg = Release|Any CPU
		{D7E1E175-556B-45FE-8F03-67FFC9FA97D7}.Release|x64.Build.0 = Release|Any CPU
		{D7E1E175-556B-45FE-8F03-67FFC9FA97D7}.Release|x64.Deploy.0 = Release|Any CPU
	EndGlobalSection
	GlobalSection(SolutionProperties) = preSolution
		HideSolutionNode = FALSE
	EndGlobalSection
	GlobalSection(NestedProjects) = preSolution
		{2930BBFF-27E8-449A-A6F4-24642C573178} = {22090651-387D-4E47-BF87-4B854DCE5DB1}
		{4F693D80-51B1-48F6-9752-509D8E2EDD97} = {22090651-387D-4E47-BF87-4B854DCE5DB1}
		{D7E1E175-556B-45FE-8F03-67FFC9FA97D7} = {22090651-387D-4E47-BF87-4B854DCE5DB1}
	EndGlobalSection
	GlobalSection(ExtensibilityGlobals) = postSolution
		SolutionGuid = {7DB834FE-21C4-4AE7-B612-2D0EB7EF458F}
	EndGlobalSection
EndGlobal
