<?xml version="1.0" encoding="utf-8"?>
<Project ToolsVersion="15.0" xmlns="http://schemas.microsoft.com/developer/msbuild/2003">
  <ItemGroup>
    <ClCompile Include="..\intersect.cpp" />
    <ClCompile Include="..\log.cpp" />
    <ClCompile Include="..\math.cpp" />
    <ClCompile Include="..\stereokit.cpp" />
    <ClCompile Include="..\stereokit_ui.cpp" />
    <ClCompile Include="..\transform.cpp" />
    <ClCompile Include="..\*.cpp" />
    <ClCompile Include="..\*.cpp" />
    <ClCompile Include="..\*.cpp" />
    <ClCompile Include="..\*.cpp" />
    <ClCompile Include="..\*.cpp" />
    <ClCompile Include="..\asset_types\font.cpp" />
    <ClCompile Include="..\asset_types\material.cpp" />
    <ClCompile Include="..\asset_types\mesh.cpp" />
    <ClCompile Include="..\asset_types\model.cpp" />
    <ClCompile Include="..\asset_types\shader.cpp" />
    <ClCompile Include="..\asset_types\sprite.cpp" />
    <ClCompile Include="..\asset_types\texture.cpp" />
    <ClCompile Include="..\asset_types\*.cpp" />
    <ClCompile Include="..\asset_types\*.cpp" />
    <ClCompile Include="..\asset_types\*.cpp" />
    <ClCompile Include="..\asset_types\*.cpp" />
    <ClCompile Include="..\asset_types\*.cpp" />
    <ClCompile Include="..\asset_types\*.cpp" />
    <ClCompile Include="..\systems\defaults.cpp" />
    <ClCompile Include="..\systems\input.cpp" />
    <ClCompile Include="..\systems\input_hand.cpp" />
    <ClCompile Include="..\systems\input_leap.cpp" />
    <ClCompile Include="..\systems\line_drawer.cpp" />
    <ClCompile Include="..\systems\physics.cpp" />
    <ClCompile Include="..\systems\render.cpp" />
    <ClCompile Include="..\systems\sprite_drawer.cpp" />
    <ClCompile Include="..\systems\system.cpp" />
    <ClCompile Include="..\systems\text.cpp" />
    <ClCompile Include="..\systems\*.cpp" />
    <ClCompile Include="..\systems\*.cpp" />
    <ClCompile Include="..\systems\*.cpp" />
    <ClCompile Include="..\systems\*.cpp" />
    <ClCompile Include="..\systems\*.cpp" />
    <ClCompile Include="..\systems\*.cpp" />
    <ClCompile Include="..\systems\*.cpp" />
    <ClCompile Include="..\systems\*.cpp" />
    <ClCompile Include="..\systems\*.cpp" />
    <ClCompile Include="..\systems\platform\platform.cpp" />
    <ClCompile Include="..\systems\platform\win32.cpp" />
    <ClCompile Include="..\systems\platform\win32_input.cpp" />
    <ClCompile Include="..\systems\platform\*.cpp" />
    <ClCompile Include="..\systems\platform\*.cpp" />
    <ClCompile Include="..\shaders_builtin\shader_builtin_equirect.cpp" />
    <ClCompile Include="..\shaders_builtin\shader_builtin_font.cpp" />
    <ClCompile Include="..\shaders_builtin\shader_builtin_lines.cpp" />
    <ClCompile Include="..\shaders_builtin\shader_builtin_pbr.cpp" />
    <ClCompile Include="..\shaders_builtin\shader_builtin_skybox.cpp" />
    <ClCompile Include="..\shaders_builtin\shader_builtin_unlit.cpp" />
    <ClCompile Include="..\shaders_builtin\*.cpp" />
    <ClCompile Include="..\shaders_builtin\*.cpp" />
    <ClCompile Include="..\shaders_builtin\*.cpp" />
    <ClCompile Include="..\shaders_builtin\*.cpp" />
    <ClCompile Include="..\shaders_builtin\*.cpp" />
    <ClCompile Include="..\intersect.cpp" />
    <ClCompile Include="..\log.cpp" />
    <ClCompile Include="..\math.cpp" />
    <ClCompile Include="..\stereokit.cpp" />
    <ClCompile Include="..\stereokit_ui.cpp" />
    <ClCompile Include="..\transform.cpp" />
    <ClCompile Include="..\intersect.cpp" />
    <ClCompile Include="..\log.cpp" />
    <ClCompile Include="..\math.cpp" />
    <ClCompile Include="..\stereokit.cpp" />
    <ClCompile Include="..\stereokit_ui.cpp" />
    <ClCompile Include="..\transform.cpp" />
    <ClCompile Include="..\intersect.cpp" />
    <ClCompile Include="..\log.cpp" />
    <ClCompile Include="..\math.cpp" />
    <ClCompile Include="..\stereokit.cpp" />
    <ClCompile Include="..\stereokit_ui.cpp" />
    <ClCompile Include="..\transform.cpp" />
    <ClCompile Include="..\intersect.cpp" />
    <ClCompile Include="..\log.cpp" />
    <ClCompile Include="..\math.cpp" />
    <ClCompile Include="..\stereokit.cpp" />
    <ClCompile Include="..\stereokit_ui.cpp" />
    <ClCompile Include="..\transform.cpp" />
    <ClCompile Include="..\intersect.cpp" />
    <ClCompile Include="..\log.cpp" />
    <ClCompile Include="..\math.cpp" />
    <ClCompile Include="..\stereokit.cpp" />
    <ClCompile Include="..\stereokit_ui.cpp" />
    <ClCompile Include="..\transform.cpp" />
    <ClCompile Include="..\asset_types\font.cpp" />
    <ClCompile Include="..\asset_types\material.cpp" />
    <ClCompile Include="..\asset_types\mesh.cpp" />
    <ClCompile Include="..\asset_types\model.cpp" />
    <ClCompile Include="..\asset_types\shader.cpp" />
    <ClCompile Include="..\asset_types\sprite.cpp" />
    <ClCompile Include="..\asset_types\texture.cpp" />
    <ClCompile Include="..\asset_types\font.cpp" />
    <ClCompile Include="..\asset_types\material.cpp" />
    <ClCompile Include="..\asset_types\mesh.cpp" />
    <ClCompile Include="..\asset_types\model.cpp" />
    <ClCompile Include="..\asset_types\shader.cpp" />
    <ClCompile Include="..\asset_types\sprite.cpp" />
    <ClCompile Include="..\asset_types\texture.cpp" />
    <ClCompile Include="..\asset_types\font.cpp" />
    <ClCompile Include="..\asset_types\material.cpp" />
    <ClCompile Include="..\asset_types\mesh.cpp" />
    <ClCompile Include="..\asset_types\model.cpp" />
    <ClCompile Include="..\asset_types\shader.cpp" />
    <ClCompile Include="..\asset_types\sprite.cpp" />
    <ClCompile Include="..\asset_types\texture.cpp" />
    <ClCompile Include="..\asset_types\font.cpp" />
    <ClCompile Include="..\asset_types\material.cpp" />
    <ClCompile Include="..\asset_types\mesh.cpp" />
    <ClCompile Include="..\asset_types\model.cpp" />
    <ClCompile Include="..\asset_types\shader.cpp" />
    <ClCompile Include="..\asset_types\sprite.cpp" />
    <ClCompile Include="..\asset_types\texture.cpp" />
    <ClCompile Include="..\asset_types\font.cpp" />
    <ClCompile Include="..\asset_types\material.cpp" />
    <ClCompile Include="..\asset_types\mesh.cpp" />
    <ClCompile Include="..\asset_types\model.cpp" />
    <ClCompile Include="..\asset_types\shader.cpp" />
    <ClCompile Include="..\asset_types\sprite.cpp" />
    <ClCompile Include="..\asset_types\texture.cpp" />
    <ClCompile Include="..\asset_types\font.cpp" />
    <ClCompile Include="..\asset_types\material.cpp" />
    <ClCompile Include="..\asset_types\mesh.cpp" />
    <ClCompile Include="..\asset_types\model.cpp" />
    <ClCompile Include="..\asset_types\shader.cpp" />
    <ClCompile Include="..\asset_types\sprite.cpp" />
    <ClCompile Include="..\asset_types\texture.cpp" />
    <ClCompile Include="..\systems\defaults.cpp" />
    <ClCompile Include="..\systems\input.cpp" />
    <ClCompile Include="..\systems\input_hand.cpp" />
    <ClCompile Include="..\systems\input_leap.cpp" />
    <ClCompile Include="..\systems\line_drawer.cpp" />
    <ClCompile Include="..\systems\physics.cpp" />
    <ClCompile Include="..\systems\render.cpp" />
    <ClCompile Include="..\systems\sprite_drawer.cpp" />
    <ClCompile Include="..\systems\system.cpp" />
    <ClCompile Include="..\systems\text.cpp" />
    <ClCompile Include="..\systems\defaults.cpp" />
    <ClCompile Include="..\systems\input.cpp" />
    <ClCompile Include="..\systems\input_hand.cpp" />
    <ClCompile Include="..\systems\input_leap.cpp" />
    <ClCompile Include="..\systems\line_drawer.cpp" />
    <ClCompile Include="..\systems\physics.cpp" />
    <ClCompile Include="..\systems\render.cpp" />
    <ClCompile Include="..\systems\sprite_drawer.cpp" />
    <ClCompile Include="..\systems\system.cpp" />
    <ClCompile Include="..\systems\text.cpp" />
    <ClCompile Include="..\systems\defaults.cpp" />
    <ClCompile Include="..\systems\input.cpp" />
    <ClCompile Include="..\systems\input_hand.cpp" />
    <ClCompile Include="..\systems\input_leap.cpp" />
    <ClCompile Include="..\systems\line_drawer.cpp" />
    <ClCompile Include="..\systems\physics.cpp" />
    <ClCompile Include="..\systems\render.cpp" />
    <ClCompile Include="..\systems\sprite_drawer.cpp" />
    <ClCompile Include="..\systems\system.cpp" />
    <ClCompile Include="..\systems\text.cpp" />
    <ClCompile Include="..\systems\defaults.cpp" />
    <ClCompile Include="..\systems\input.cpp" />
    <ClCompile Include="..\systems\input_hand.cpp" />
    <ClCompile Include="..\systems\input_leap.cpp" />
    <ClCompile Include="..\systems\line_drawer.cpp" />
    <ClCompile Include="..\systems\physics.cpp" />
    <ClCompile Include="..\systems\render.cpp" />
    <ClCompile Include="..\systems\sprite_drawer.cpp" />
    <ClCompile Include="..\systems\system.cpp" />
    <ClCompile Include="..\systems\text.cpp" />
    <ClCompile Include="..\systems\defaults.cpp" />
    <ClCompile Include="..\systems\input.cpp" />
    <ClCompile Include="..\systems\input_hand.cpp" />
    <ClCompile Include="..\systems\input_leap.cpp" />
    <ClCompile Include="..\systems\line_drawer.cpp" />
    <ClCompile Include="..\systems\physics.cpp" />
    <ClCompile Include="..\systems\render.cpp" />
    <ClCompile Include="..\systems\sprite_drawer.cpp" />
    <ClCompile Include="..\systems\system.cpp" />
    <ClCompile Include="..\systems\text.cpp" />
    <ClCompile Include="..\systems\defaults.cpp" />
    <ClCompile Include="..\systems\input.cpp" />
    <ClCompile Include="..\systems\input_hand.cpp" />
    <ClCompile Include="..\systems\input_leap.cpp" />
    <ClCompile Include="..\systems\line_drawer.cpp" />
    <ClCompile Include="..\systems\physics.cpp" />
    <ClCompile Include="..\systems\render.cpp" />
    <ClCompile Include="..\systems\sprite_drawer.cpp" />
    <ClCompile Include="..\systems\system.cpp" />
    <ClCompile Include="..\systems\text.cpp" />
    <ClCompile Include="..\systems\defaults.cpp" />
    <ClCompile Include="..\systems\input.cpp" />
    <ClCompile Include="..\systems\input_hand.cpp" />
    <ClCompile Include="..\systems\input_leap.cpp" />
    <ClCompile Include="..\systems\line_drawer.cpp" />
    <ClCompile Include="..\systems\physics.cpp" />
    <ClCompile Include="..\systems\render.cpp" />
    <ClCompile Include="..\systems\sprite_drawer.cpp" />
    <ClCompile Include="..\systems\system.cpp" />
    <ClCompile Include="..\systems\text.cpp" />
    <ClCompile Include="..\systems\defaults.cpp" />
    <ClCompile Include="..\systems\input.cpp" />
    <ClCompile Include="..\systems\input_hand.cpp" />
    <ClCompile Include="..\systems\input_leap.cpp" />
    <ClCompile Include="..\systems\line_drawer.cpp" />
    <ClCompile Include="..\systems\physics.cpp" />
    <ClCompile Include="..\systems\render.cpp" />
    <ClCompile Include="..\systems\sprite_drawer.cpp" />
    <ClCompile Include="..\systems\system.cpp" />
    <ClCompile Include="..\systems\text.cpp" />
    <ClCompile Include="..\systems\defaults.cpp" />
    <ClCompile Include="..\systems\input.cpp" />
    <ClCompile Include="..\systems\input_hand.cpp" />
    <ClCompile Include="..\systems\input_leap.cpp" />
    <ClCompile Include="..\systems\line_drawer.cpp" />
    <ClCompile Include="..\systems\physics.cpp" />
    <ClCompile Include="..\systems\render.cpp" />
    <ClCompile Include="..\systems\sprite_drawer.cpp" />
    <ClCompile Include="..\systems\system.cpp" />
    <ClCompile Include="..\systems\text.cpp" />
    <ClCompile Include="..\systems\platform\platform.cpp" />
    <ClCompile Include="..\systems\platform\win32.cpp" />
    <ClCompile Include="..\systems\platform\win32_input.cpp" />
    <ClCompile Include="..\systems\platform\platform.cpp" />
    <ClCompile Include="..\systems\platform\win32.cpp" />
    <ClCompile Include="..\systems\platform\win32_input.cpp" />
    <ClCompile Include="..\shaders_builtin\shader_builtin_equirect.cpp" />
    <ClCompile Include="..\shaders_builtin\shader_builtin_font.cpp" />
    <ClCompile Include="..\shaders_builtin\shader_builtin_lines.cpp" />
    <ClCompile Include="..\shaders_builtin\shader_builtin_pbr.cpp" />
    <ClCompile Include="..\shaders_builtin\shader_builtin_skybox.cpp" />
    <ClCompile Include="..\shaders_builtin\shader_builtin_unlit.cpp" />
    <ClCompile Include="..\shaders_builtin\shader_builtin_equirect.cpp" />
    <ClCompile Include="..\shaders_builtin\shader_builtin_font.cpp" />
    <ClCompile Include="..\shaders_builtin\shader_builtin_lines.cpp" />
    <ClCompile Include="..\shaders_builtin\shader_builtin_pbr.cpp" />
    <ClCompile Include="..\shaders_builtin\shader_builtin_skybox.cpp" />
    <ClCompile Include="..\shaders_builtin\shader_builtin_unlit.cpp" />
    <ClCompile Include="..\shaders_builtin\shader_builtin_equirect.cpp" />
    <ClCompile Include="..\shaders_builtin\shader_builtin_font.cpp" />
    <ClCompile Include="..\shaders_builtin\shader_builtin_lines.cpp" />
    <ClCompile Include="..\shaders_builtin\shader_builtin_pbr.cpp" />
    <ClCompile Include="..\shaders_builtin\shader_builtin_skybox.cpp" />
    <ClCompile Include="..\shaders_builtin\shader_builtin_unlit.cpp" />
    <ClCompile Include="..\shaders_builtin\shader_builtin_equirect.cpp" />
    <ClCompile Include="..\shaders_builtin\shader_builtin_font.cpp" />
    <ClCompile Include="..\shaders_builtin\shader_builtin_lines.cpp" />
    <ClCompile Include="..\shaders_builtin\shader_builtin_pbr.cpp" />
    <ClCompile Include="..\shaders_builtin\shader_builtin_skybox.cpp" />
    <ClCompile Include="..\shaders_builtin\shader_builtin_unlit.cpp" />
    <ClCompile Include="..\shaders_builtin\shader_builtin_equirect.cpp" />
    <ClCompile Include="..\shaders_builtin\shader_builtin_font.cpp" />
    <ClCompile Include="..\shaders_builtin\shader_builtin_lines.cpp" />
    <ClCompile Include="..\shaders_builtin\shader_builtin_pbr.cpp" />
    <ClCompile Include="..\shaders_builtin\shader_builtin_skybox.cpp" />
    <ClCompile Include="..\shaders_builtin\shader_builtin_unlit.cpp" />
    <ClCompile Include="..\asset_types\*.cpp">
      <Filter>reference_files</Filter>
    </ClCompile>
    <ClCompile Include="..\*.cpp">
      <Filter>reference_files</Filter>
    </ClCompile>
    <ClCompile Include="..\systems\*.cpp">
      <Filter>reference_files</Filter>
    </ClCompile>
    <ClCompile Include="..\systems\*.cpp">
      <Filter>reference_files</Filter>
    </ClCompile>
    <ClCompile Include="..\asset_types\*.cpp">
      <Filter>reference_files</Filter>
    </ClCompile>
    <ClCompile Include="..\systems\*.cpp">
      <Filter>reference_files</Filter>
    </ClCompile>
    <ClCompile Include="..\systems\*.cpp">
      <Filter>reference_files</Filter>
    </ClCompile>
    <ClCompile Include="..\systems\*.cpp">
      <Filter>reference_files</Filter>
    </ClCompile>
    <ClCompile Include="..\*.cpp">
      <Filter>reference_files</Filter>
    </ClCompile>
    <ClCompile Include="..\systems\*.cpp">
      <Filter>reference_files</Filter>
    </ClCompile>
    <ClCompile Include="..\*.cpp">
      <Filter>reference_files</Filter>
    </ClCompile>
    <ClCompile Include="..\asset_types\*.cpp">
      <Filter>reference_files</Filter>
    </ClCompile>
    <ClCompile Include="..\*.cpp">
      <Filter>reference_files</Filter>
    </ClCompile>
    <ClCompile Include="..\asset_types\*.cpp">
      <Filter>reference_files</Filter>
    </ClCompile>
    <ClCompile Include="..\asset_types\*.cpp">
      <Filter>reference_files</Filter>
    </ClCompile>
    <ClCompile Include="..\systems\platform\*.cpp">
      <Filter>reference_files</Filter>
    </ClCompile>
    <ClCompile Include="..\systems\*.cpp">
      <Filter>reference_files</Filter>
    </ClCompile>
    <ClCompile Include="..\systems\platform\*.cpp">
      <Filter>reference_files</Filter>
    </ClCompile>
    <ClCompile Include="..\systems\*.cpp">
      <Filter>reference_files</Filter>
    </ClCompile>
    <ClCompile Include="..\asset_types\*.cpp">
      <Filter>reference_files</Filter>
    </ClCompile>
    <ClCompile Include="..\shaders_builtin\*.cpp">
      <Filter>reference_files</Filter>
    </ClCompile>
    <ClCompile Include="..\shaders_builtin\*.cpp">
      <Filter>reference_files</Filter>
    </ClCompile>
    <ClCompile Include="..\shaders_builtin\*.cpp">
      <Filter>reference_files</Filter>
    </ClCompile>
    <ClCompile Include="..\shaders_builtin\*.cpp">
      <Filter>reference_files</Filter>
    </ClCompile>
    <ClCompile Include="..\shaders_builtin\*.cpp">
      <Filter>reference_files</Filter>
    </ClCompile>
    <ClCompile Include="..\shaders_builtin\*.cpp">
      <Filter>reference_files</Filter>
    </ClCompile>
    <ClCompile Include="..\shaders_builtin\*.cpp">
      <Filter>reference_files</Filter>
    </ClCompile>
    <ClCompile Include="..\asset_types\*.cpp">
      <Filter>reference_files</Filter>
    </ClCompile>
    <ClCompile Include="..\systems\*.cpp">
      <Filter>reference_files</Filter>
    </ClCompile>
    <ClCompile Include="..\*.cpp">
      <Filter>reference_files</Filter>
    </ClCompile>
    <ClCompile Include="..\*.cpp">
      <Filter>reference_files</Filter>
    </ClCompile>
    <ClCompile Include="..\libraries\*.cpp">
      <Filter>reference_files</Filter>
    </ClCompile>
    <ClCompile Include="..\systems\*.cpp">
      <Filter>reference_files</Filter>
    </ClCompile>
    <ClCompile Include="..\systems\*.cpp">
      <Filter>reference_files</Filter>
    </ClCompile>
    <ClCompile Include="..\asset_types\*.cpp">
      <Filter>reference_files</Filter>
    </ClCompile>
    <ClCompile Include="..\*.cpp">
      <Filter>reference_files</Filter>
    </ClCompile>
    <ClCompile Include="..\systems\platform\*.cpp">
      <Filter>reference_files</Filter>
    </ClCompile>
    <ClCompile Include="..\systems\platform\*.cpp">
      <Filter>reference_files</Filter>
    </ClCompile>
    <ClCompile Include="..\*.cpp" />
    <ClCompile Include="..\*.cpp" />
    <ClCompile Include="..\*.cpp" />
    <ClCompile Include="..\*.cpp" />
    <ClCompile Include="..\*.cpp" />
    <ClCompile Include="..\*.cpp" />
    <ClCompile Include="..\asset_types\*.cpp" />
    <ClCompile Include="..\asset_types\*.cpp" />
    <ClCompile Include="..\asset_types\*.cpp" />
    <ClCompile Include="..\asset_types\*.cpp" />
    <ClCompile Include="..\asset_types\*.cpp" />
    <ClCompile Include="..\asset_types\*.cpp" />
    <ClCompile Include="..\asset_types\*.cpp" />
    <ClCompile Include="..\systems\*.cpp" />
    <ClCompile Include="..\systems\*.cpp" />
    <ClCompile Include="..\systems\*.cpp" />
    <ClCompile Include="..\systems\*.cpp" />
    <ClCompile Include="..\systems\*.cpp" />
    <ClCompile Include="..\systems\*.cpp" />
    <ClCompile Include="..\systems\*.cpp" />
    <ClCompile Include="..\systems\*.cpp" />
    <ClCompile Include="..\systems\*.cpp" />
    <ClCompile Include="..\systems\*.cpp" />
    <ClCompile Include="..\systems\platform\*.cpp" />
    <ClCompile Include="..\systems\platform\*.cpp" />
    <ClCompile Include="..\systems\platform\*.cpp" />
    <ClCompile Include="..\shaders_builtin\*.cpp" />
    <ClCompile Include="..\shaders_builtin\*.cpp" />
    <ClCompile Include="..\shaders_builtin\*.cpp" />
    <ClCompile Include="..\shaders_builtin\*.cpp" />
    <ClCompile Include="..\shaders_builtin\*.cpp" />
    <ClCompile Include="..\shaders_builtin\*.cpp" />
    <ClCompile Include="..\intersect.cpp" />
    <ClCompile Include="..\log.cpp" />
    <ClCompile Include="..\math.cpp" />
    <ClCompile Include="..\stereokit.cpp" />
    <ClCompile Include="..\stereokit_ui.cpp" />
    <ClCompile Include="..\transform.cpp" />
    <ClCompile Include="..\intersect.cpp" />
    <ClCompile Include="..\log.cpp" />
    <ClCompile Include="..\math.cpp" />
    <ClCompile Include="..\stereokit.cpp" />
    <ClCompile Include="..\stereokit_ui.cpp" />
    <ClCompile Include="..\transform.cpp" />
    <ClCompile Include="..\intersect.cpp" />
    <ClCompile Include="..\log.cpp" />
    <ClCompile Include="..\math.cpp" />
    <ClCompile Include="..\stereokit.cpp" />
    <ClCompile Include="..\stereokit_ui.cpp" />
    <ClCompile Include="..\transform.cpp" />
    <ClCompile Include="..\intersect.cpp" />
    <ClCompile Include="..\log.cpp" />
    <ClCompile Include="..\math.cpp" />
    <ClCompile Include="..\stereokit.cpp" />
    <ClCompile Include="..\stereokit_ui.cpp" />
    <ClCompile Include="..\transform.cpp" />
    <ClCompile Include="..\intersect.cpp" />
    <ClCompile Include="..\log.cpp" />
    <ClCompile Include="..\math.cpp" />
    <ClCompile Include="..\stereokit.cpp" />
    <ClCompile Include="..\stereokit_ui.cpp" />
    <ClCompile Include="..\transform.cpp" />
    <ClCompile Include="..\intersect.cpp" />
    <ClCompile Include="..\log.cpp" />
    <ClCompile Include="..\math.cpp" />
    <ClCompile Include="..\stereokit.cpp" />
    <ClCompile Include="..\stereokit_ui.cpp" />
    <ClCompile Include="..\transform.cpp" />
    <ClCompile Include="..\asset_types\font.cpp" />
    <ClCompile Include="..\asset_types\material.cpp" />
    <ClCompile Include="..\asset_types\mesh.cpp" />
    <ClCompile Include="..\asset_types\model.cpp" />
    <ClCompile Include="..\asset_types\shader.cpp" />
    <ClCompile Include="..\asset_types\sprite.cpp" />
    <ClCompile Include="..\asset_types\texture.cpp" />
    <ClCompile Include="..\asset_types\font.cpp" />
    <ClCompile Include="..\asset_types\material.cpp" />
    <ClCompile Include="..\asset_types\mesh.cpp" />
    <ClCompile Include="..\asset_types\model.cpp" />
    <ClCompile Include="..\asset_types\shader.cpp" />
    <ClCompile Include="..\asset_types\sprite.cpp" />
    <ClCompile Include="..\asset_types\texture.cpp" />
    <ClCompile Include="..\asset_types\font.cpp" />
    <ClCompile Include="..\asset_types\material.cpp" />
    <ClCompile Include="..\asset_types\mesh.cpp" />
    <ClCompile Include="..\asset_types\model.cpp" />
    <ClCompile Include="..\asset_types\shader.cpp" />
    <ClCompile Include="..\asset_types\sprite.cpp" />
    <ClCompile Include="..\asset_types\texture.cpp" />
    <ClCompile Include="..\asset_types\font.cpp" />
    <ClCompile Include="..\asset_types\material.cpp" />
    <ClCompile Include="..\asset_types\mesh.cpp" />
    <ClCompile Include="..\asset_types\model.cpp" />
    <ClCompile Include="..\asset_types\shader.cpp" />
    <ClCompile Include="..\asset_types\sprite.cpp" />
    <ClCompile Include="..\asset_types\texture.cpp" />
    <ClCompile Include="..\asset_types\font.cpp" />
    <ClCompile Include="..\asset_types\material.cpp" />
    <ClCompile Include="..\asset_types\mesh.cpp" />
    <ClCompile Include="..\asset_types\model.cpp" />
    <ClCompile Include="..\asset_types\shader.cpp" />
    <ClCompile Include="..\asset_types\sprite.cpp" />
    <ClCompile Include="..\asset_types\texture.cpp" />
    <ClCompile Include="..\asset_types\font.cpp" />
    <ClCompile Include="..\asset_types\material.cpp" />
    <ClCompile Include="..\asset_types\mesh.cpp" />
    <ClCompile Include="..\asset_types\model.cpp" />
    <ClCompile Include="..\asset_types\shader.cpp" />
    <ClCompile Include="..\asset_types\sprite.cpp" />
    <ClCompile Include="..\asset_types\texture.cpp" />
    <ClCompile Include="..\asset_types\font.cpp" />
    <ClCompile Include="..\asset_types\material.cpp" />
    <ClCompile Include="..\asset_types\mesh.cpp" />
    <ClCompile Include="..\asset_types\model.cpp" />
    <ClCompile Include="..\asset_types\shader.cpp" />
    <ClCompile Include="..\asset_types\sprite.cpp" />
    <ClCompile Include="..\asset_types\texture.cpp" />
    <ClCompile Include="..\systems\defaults.cpp" />
    <ClCompile Include="..\systems\input.cpp" />
    <ClCompile Include="..\systems\input_hand.cpp" />
    <ClCompile Include="..\systems\input_leap.cpp" />
    <ClCompile Include="..\systems\line_drawer.cpp" />
    <ClCompile Include="..\systems\physics.cpp" />
    <ClCompile Include="..\systems\render.cpp" />
    <ClCompile Include="..\systems\sprite_drawer.cpp" />
    <ClCompile Include="..\systems\system.cpp" />
    <ClCompile Include="..\systems\text.cpp" />
    <ClCompile Include="..\systems\defaults.cpp" />
    <ClCompile Include="..\systems\input.cpp" />
    <ClCompile Include="..\systems\input_hand.cpp" />
    <ClCompile Include="..\systems\input_leap.cpp" />
    <ClCompile Include="..\systems\line_drawer.cpp" />
    <ClCompile Include="..\systems\physics.cpp" />
    <ClCompile Include="..\systems\render.cpp" />
    <ClCompile Include="..\systems\sprite_drawer.cpp" />
    <ClCompile Include="..\systems\system.cpp" />
    <ClCompile Include="..\systems\text.cpp" />
    <ClCompile Include="..\systems\defaults.cpp" />
    <ClCompile Include="..\systems\input.cpp" />
    <ClCompile Include="..\systems\input_hand.cpp" />
    <ClCompile Include="..\systems\input_leap.cpp" />
    <ClCompile Include="..\systems\line_drawer.cpp" />
    <ClCompile Include="..\systems\physics.cpp" />
    <ClCompile Include="..\systems\render.cpp" />
    <ClCompile Include="..\systems\sprite_drawer.cpp" />
    <ClCompile Include="..\systems\system.cpp" />
    <ClCompile Include="..\systems\text.cpp" />
    <ClCompile Include="..\systems\defaults.cpp" />
    <ClCompile Include="..\systems\input.cpp" />
    <ClCompile Include="..\systems\input_hand.cpp" />
    <ClCompile Include="..\systems\input_leap.cpp" />
    <ClCompile Include="..\systems\line_drawer.cpp" />
    <ClCompile Include="..\systems\physics.cpp" />
    <ClCompile Include="..\systems\render.cpp" />
    <ClCompile Include="..\systems\sprite_drawer.cpp" />
    <ClCompile Include="..\systems\system.cpp" />
    <ClCompile Include="..\systems\text.cpp" />
    <ClCompile Include="..\systems\defaults.cpp" />
    <ClCompile Include="..\systems\input.cpp" />
    <ClCompile Include="..\systems\input_hand.cpp" />
    <ClCompile Include="..\systems\input_leap.cpp" />
    <ClCompile Include="..\systems\line_drawer.cpp" />
    <ClCompile Include="..\systems\physics.cpp" />
    <ClCompile Include="..\systems\render.cpp" />
    <ClCompile Include="..\systems\sprite_drawer.cpp" />
    <ClCompile Include="..\systems\system.cpp" />
    <ClCompile Include="..\systems\text.cpp" />
    <ClCompile Include="..\systems\defaults.cpp" />
    <ClCompile Include="..\systems\input.cpp" />
    <ClCompile Include="..\systems\input_hand.cpp" />
    <ClCompile Include="..\systems\input_leap.cpp" />
    <ClCompile Include="..\systems\line_drawer.cpp" />
    <ClCompile Include="..\systems\physics.cpp" />
    <ClCompile Include="..\systems\render.cpp" />
    <ClCompile Include="..\systems\sprite_drawer.cpp" />
    <ClCompile Include="..\systems\system.cpp" />
    <ClCompile Include="..\systems\text.cpp" />
    <ClCompile Include="..\systems\defaults.cpp" />
    <ClCompile Include="..\systems\input.cpp" />
    <ClCompile Include="..\systems\input_hand.cpp" />
    <ClCompile Include="..\systems\input_leap.cpp" />
    <ClCompile Include="..\systems\line_drawer.cpp" />
    <ClCompile Include="..\systems\physics.cpp" />
    <ClCompile Include="..\systems\render.cpp" />
    <ClCompile Include="..\systems\sprite_drawer.cpp" />
    <ClCompile Include="..\systems\system.cpp" />
    <ClCompile Include="..\systems\text.cpp" />
    <ClCompile Include="..\systems\defaults.cpp" />
    <ClCompile Include="..\systems\input.cpp" />
    <ClCompile Include="..\systems\input_hand.cpp" />
    <ClCompile Include="..\systems\input_leap.cpp" />
    <ClCompile Include="..\systems\line_drawer.cpp" />
    <ClCompile Include="..\systems\physics.cpp" />
    <ClCompile Include="..\systems\render.cpp" />
    <ClCompile Include="..\systems\sprite_drawer.cpp" />
    <ClCompile Include="..\systems\system.cpp" />
    <ClCompile Include="..\systems\text.cpp" />
    <ClCompile Include="..\systems\defaults.cpp" />
    <ClCompile Include="..\systems\input.cpp" />
    <ClCompile Include="..\systems\input_hand.cpp" />
    <ClCompile Include="..\systems\input_leap.cpp" />
    <ClCompile Include="..\systems\line_drawer.cpp" />
    <ClCompile Include="..\systems\physics.cpp" />
    <ClCompile Include="..\systems\render.cpp" />
    <ClCompile Include="..\systems\sprite_drawer.cpp" />
    <ClCompile Include="..\systems\system.cpp" />
    <ClCompile Include="..\systems\text.cpp" />
    <ClCompile Include="..\systems\defaults.cpp" />
    <ClCompile Include="..\systems\input.cpp" />
    <ClCompile Include="..\systems\input_hand.cpp" />
    <ClCompile Include="..\systems\input_leap.cpp" />
    <ClCompile Include="..\systems\line_drawer.cpp" />
    <ClCompile Include="..\systems\physics.cpp" />
    <ClCompile Include="..\systems\render.cpp" />
    <ClCompile Include="..\systems\sprite_drawer.cpp" />
    <ClCompile Include="..\systems\system.cpp" />
    <ClCompile Include="..\systems\text.cpp" />
    <ClCompile Include="..\systems\platform\platform.cpp" />
    <ClCompile Include="..\systems\platform\win32.cpp" />
    <ClCompile Include="..\systems\platform\win32_input.cpp" />
    <ClCompile Include="..\systems\platform\platform.cpp" />
    <ClCompile Include="..\systems\platform\win32.cpp" />
    <ClCompile Include="..\systems\platform\win32_input.cpp" />
    <ClCompile Include="..\systems\platform\platform.cpp" />
    <ClCompile Include="..\systems\platform\win32.cpp" />
    <ClCompile Include="..\systems\platform\win32_input.cpp" />
    <ClCompile Include="..\shaders_builtin\shader_builtin_equirect.cpp" />
    <ClCompile Include="..\shaders_builtin\shader_builtin_font.cpp" />
    <ClCompile Include="..\shaders_builtin\shader_builtin_lines.cpp" />
    <ClCompile Include="..\shaders_builtin\shader_builtin_pbr.cpp" />
    <ClCompile Include="..\shaders_builtin\shader_builtin_skybox.cpp" />
    <ClCompile Include="..\shaders_builtin\shader_builtin_unlit.cpp" />
    <ClCompile Include="..\shaders_builtin\shader_builtin_equirect.cpp" />
    <ClCompile Include="..\shaders_builtin\shader_builtin_font.cpp" />
    <ClCompile Include="..\shaders_builtin\shader_builtin_lines.cpp" />
    <ClCompile Include="..\shaders_builtin\shader_builtin_pbr.cpp" />
    <ClCompile Include="..\shaders_builtin\shader_builtin_skybox.cpp" />
    <ClCompile Include="..\shaders_builtin\shader_builtin_unlit.cpp" />
    <ClCompile Include="..\shaders_builtin\shader_builtin_equirect.cpp" />
    <ClCompile Include="..\shaders_builtin\shader_builtin_font.cpp" />
    <ClCompile Include="..\shaders_builtin\shader_builtin_lines.cpp" />
    <ClCompile Include="..\shaders_builtin\shader_builtin_pbr.cpp" />
    <ClCompile Include="..\shaders_builtin\shader_builtin_skybox.cpp" />
    <ClCompile Include="..\shaders_builtin\shader_builtin_unlit.cpp" />
    <ClCompile Include="..\shaders_builtin\shader_builtin_equirect.cpp" />
    <ClCompile Include="..\shaders_builtin\shader_builtin_font.cpp" />
    <ClCompile Include="..\shaders_builtin\shader_builtin_lines.cpp" />
    <ClCompile Include="..\shaders_builtin\shader_builtin_pbr.cpp" />
    <ClCompile Include="..\shaders_builtin\shader_builtin_skybox.cpp" />
    <ClCompile Include="..\shaders_builtin\shader_builtin_unlit.cpp" />
    <ClCompile Include="..\shaders_builtin\shader_builtin_equirect.cpp" />
    <ClCompile Include="..\shaders_builtin\shader_builtin_font.cpp" />
    <ClCompile Include="..\shaders_builtin\shader_builtin_lines.cpp" />
    <ClCompile Include="..\shaders_builtin\shader_builtin_pbr.cpp" />
    <ClCompile Include="..\shaders_builtin\shader_builtin_skybox.cpp" />
    <ClCompile Include="..\shaders_builtin\shader_builtin_unlit.cpp" />
    <ClCompile Include="..\shaders_builtin\shader_builtin_equirect.cpp" />
    <ClCompile Include="..\shaders_builtin\shader_builtin_font.cpp" />
    <ClCompile Include="..\shaders_builtin\shader_builtin_lines.cpp" />
    <ClCompile Include="..\shaders_builtin\shader_builtin_pbr.cpp" />
    <ClCompile Include="..\shaders_builtin\shader_builtin_skybox.cpp" />
    <ClCompile Include="..\shaders_builtin\shader_builtin_unlit.cpp" />
    <ClCompile Include="..\asset_types\*.cpp">
      <Filter>reference_files</Filter>
    </ClCompile>
    <ClCompile Include="..\*.cpp">
      <Filter>reference_files</Filter>
    </ClCompile>
    <ClCompile Include="..\systems\*.cpp">
      <Filter>reference_files</Filter>
    </ClCompile>
    <ClCompile Include="..\systems\*.cpp">
      <Filter>reference_files</Filter>
    </ClCompile>
    <ClCompile Include="..\asset_types\*.cpp">
      <Filter>reference_files</Filter>
    </ClCompile>
    <ClCompile Include="..\systems\*.cpp">
      <Filter>reference_files</Filter>
    </ClCompile>
    <ClCompile Include="..\systems\*.cpp">
      <Filter>reference_files</Filter>
    </ClCompile>
    <ClCompile Include="..\systems\*.cpp">
      <Filter>reference_files</Filter>
    </ClCompile>
    <ClCompile Include="..\*.cpp">
      <Filter>reference_files</Filter>
    </ClCompile>
    <ClCompile Include="..\systems\*.cpp">
      <Filter>reference_files</Filter>
    </ClCompile>
    <ClCompile Include="..\*.cpp">
      <Filter>reference_files</Filter>
    </ClCompile>
    <ClCompile Include="..\asset_types\*.cpp">
      <Filter>reference_files</Filter>
    </ClCompile>
    <ClCompile Include="..\*.cpp">
      <Filter>reference_files</Filter>
    </ClCompile>
    <ClCompile Include="..\asset_types\*.cpp">
      <Filter>reference_files</Filter>
    </ClCompile>
    <ClCompile Include="..\asset_types\*.cpp">
      <Filter>reference_files</Filter>
    </ClCompile>
    <ClCompile Include="..\systems\platform\*.cpp">
      <Filter>reference_files</Filter>
    </ClCompile>
    <ClCompile Include="..\systems\*.cpp">
      <Filter>reference_files</Filter>
    </ClCompile>
    <ClCompile Include="..\systems\platform\*.cpp">
      <Filter>reference_files</Filter>
    </ClCompile>
    <ClCompile Include="..\systems\*.cpp">
      <Filter>reference_files</Filter>
    </ClCompile>
    <ClCompile Include="..\asset_types\*.cpp">
      <Filter>reference_files</Filter>
    </ClCompile>
    <ClCompile Include="..\shaders_builtin\*.cpp">
      <Filter>reference_files</Filter>
    </ClCompile>
    <ClCompile Include="..\shaders_builtin\*.cpp">
      <Filter>reference_files</Filter>
    </ClCompile>
    <ClCompile Include="..\shaders_builtin\*.cpp">
      <Filter>reference_files</Filter>
    </ClCompile>
    <ClCompile Include="..\shaders_builtin\*.cpp">
      <Filter>reference_files</Filter>
    </ClCompile>
    <ClCompile Include="..\shaders_builtin\*.cpp">
      <Filter>reference_files</Filter>
    </ClCompile>
    <ClCompile Include="..\shaders_builtin\*.cpp">
      <Filter>reference_files</Filter>
    </ClCompile>
    <ClCompile Include="..\shaders_builtin\*.cpp">
      <Filter>reference_files</Filter>
    </ClCompile>
    <ClCompile Include="..\asset_types\*.cpp">
      <Filter>reference_files</Filter>
    </ClCompile>
    <ClCompile Include="..\systems\*.cpp">
      <Filter>reference_files</Filter>
    </ClCompile>
    <ClCompile Include="..\*.cpp">
      <Filter>reference_files</Filter>
    </ClCompile>
    <ClCompile Include="..\*.cpp">
      <Filter>reference_files</Filter>
    </ClCompile>
    <ClCompile Include="..\systems\*.cpp">
      <Filter>reference_files</Filter>
    </ClCompile>
    <ClCompile Include="..\systems\*.cpp">
      <Filter>reference_files</Filter>
    </ClCompile>
    <ClCompile Include="..\asset_types\*.cpp">
      <Filter>reference_files</Filter>
    </ClCompile>
    <ClCompile Include="..\*.cpp">
      <Filter>reference_files</Filter>
    </ClCompile>
    <ClCompile Include="..\systems\platform\*.cpp">
      <Filter>reference_files</Filter>
    </ClCompile>
    <ClCompile Include="..\systems\platform\*.cpp">
      <Filter>reference_files</Filter>
    </ClCompile>
  </ItemGroup>
  <ItemGroup>
    <None Include="packages.config" />
    <None Include="PropertySheet.props" />
  </ItemGroup>
  <ItemGroup>
    <ClInclude Include="..\*.h">
      <Filter>reference_files</Filter>
    </ClInclude>
    <ClInclude Include="..\libraries\*.h">
      <Filter>reference_files</Filter>
    </ClInclude>
    <ClInclude Include="..\asset_types\*.h">
      <Filter>reference_files</Filter>
    </ClInclude>
    <ClInclude Include="..\systems\*.h">
      <Filter>reference_files</Filter>
    </ClInclude>
    <ClInclude Include="..\systems\platform\*.h">
      <Filter>reference_files</Filter>
    </ClInclude>
    <ClInclude Include="..\shaders_builtin\*.h">
      <Filter>reference_files</Filter>
    </ClInclude>
    <ClInclude Include="..\stereokit.h" />
    <ClInclude Include="..\stereokit_ui.h" />
    <ClInclude Include="..\_stereokit.h" />
    <ClInclude Include="..\libraries\stb_image.h" />
    <ClInclude Include="..\libraries\stb_rect_pack.h" />
    <ClInclude Include="..\libraries\stb_truetype.h" />
    <ClInclude Include="..\libraries\stref.h" />
    <ClInclude Include="..\libraries\stb_image.h" />
    <ClInclude Include="..\libraries\stb_rect_pack.h" />
    <ClInclude Include="..\libraries\stb_truetype.h" />
    <ClInclude Include="..\libraries\stref.h" />
    <ClInclude Include="..\asset_types\font.h" />
    <ClInclude Include="..\asset_types\material.h" />
    <ClInclude Include="..\asset_types\mesh.h" />
    <ClInclude Include="..\asset_types\model.h" />
    <ClInclude Include="..\asset_types\shader.h" />
    <ClInclude Include="..\asset_types\sprite.h" />
    <ClInclude Include="..\asset_types\texture.h" />
    <ClInclude Include="..\asset_types\font.h" />
    <ClInclude Include="..\asset_types\material.h" />
    <ClInclude Include="..\asset_types\mesh.h" />
    <ClInclude Include="..\asset_types\model.h" />
    <ClInclude Include="..\asset_types\shader.h" />
    <ClInclude Include="..\asset_types\sprite.h" />
    <ClInclude Include="..\asset_types\texture.h" />
    <ClInclude Include="..\asset_types\font.h" />
    <ClInclude Include="..\asset_types\material.h" />
    <ClInclude Include="..\asset_types\mesh.h" />
    <ClInclude Include="..\asset_types\model.h" />
    <ClInclude Include="..\asset_types\shader.h" />
    <ClInclude Include="..\asset_types\sprite.h" />
    <ClInclude Include="..\asset_types\texture.h" />
    <ClInclude Include="..\asset_types\font.h" />
    <ClInclude Include="..\asset_types\material.h" />
    <ClInclude Include="..\asset_types\mesh.h" />
    <ClInclude Include="..\asset_types\model.h" />
    <ClInclude Include="..\asset_types\shader.h" />
    <ClInclude Include="..\asset_types\sprite.h" />
    <ClInclude Include="..\asset_types\texture.h" />
    <ClInclude Include="..\asset_types\font.h" />
    <ClInclude Include="..\asset_types\material.h" />
    <ClInclude Include="..\asset_types\mesh.h" />
    <ClInclude Include="..\asset_types\model.h" />
    <ClInclude Include="..\asset_types\shader.h" />
    <ClInclude Include="..\asset_types\sprite.h" />
    <ClInclude Include="..\asset_types\texture.h" />
    <ClInclude Include="..\systems\defaults.h" />
    <ClInclude Include="..\systems\input.h" />
    <ClInclude Include="..\systems\input_hand.h" />
    <ClInclude Include="..\systems\input_hand_poses.h" />
    <ClInclude Include="..\systems\input_leap.h" />
    <ClInclude Include="..\systems\line_drawer.h" />
    <ClInclude Include="..\systems\physics.h" />
    <ClInclude Include="..\systems\render.h" />
    <ClInclude Include="..\systems\sprite_drawer.h" />
    <ClInclude Include="..\systems\system.h" />
    <ClInclude Include="..\systems\text.h" />
    <ClInclude Include="..\systems\defaults.h" />
    <ClInclude Include="..\systems\input.h" />
    <ClInclude Include="..\systems\input_hand.h" />
    <ClInclude Include="..\systems\input_hand_poses.h" />
    <ClInclude Include="..\systems\input_leap.h" />
    <ClInclude Include="..\systems\line_drawer.h" />
    <ClInclude Include="..\systems\physics.h" />
    <ClInclude Include="..\systems\render.h" />
    <ClInclude Include="..\systems\sprite_drawer.h" />
    <ClInclude Include="..\systems\system.h" />
    <ClInclude Include="..\systems\text.h" />
    <ClInclude Include="..\systems\defaults.h" />
    <ClInclude Include="..\systems\input.h" />
    <ClInclude Include="..\systems\input_hand.h" />
    <ClInclude Include="..\systems\input_hand_poses.h" />
    <ClInclude Include="..\systems\input_leap.h" />
    <ClInclude Include="..\systems\line_drawer.h" />
    <ClInclude Include="..\systems\physics.h" />
    <ClInclude Include="..\systems\render.h" />
    <ClInclude Include="..\systems\sprite_drawer.h" />
    <ClInclude Include="..\systems\system.h" />
    <ClInclude Include="..\systems\text.h" />
    <ClInclude Include="..\systems\defaults.h" />
    <ClInclude Include="..\systems\input.h" />
    <ClInclude Include="..\systems\input_hand.h" />
    <ClInclude Include="..\systems\input_hand_poses.h" />
    <ClInclude Include="..\systems\input_leap.h" />
    <ClInclude Include="..\systems\line_drawer.h" />
    <ClInclude Include="..\systems\physics.h" />
    <ClInclude Include="..\systems\render.h" />
    <ClInclude Include="..\systems\sprite_drawer.h" />
    <ClInclude Include="..\systems\system.h" />
    <ClInclude Include="..\systems\text.h" />
    <ClInclude Include="..\systems\defaults.h" />
    <ClInclude Include="..\systems\input.h" />
    <ClInclude Include="..\systems\input_hand.h" />
    <ClInclude Include="..\systems\input_hand_poses.h" />
    <ClInclude Include="..\systems\input_leap.h" />
    <ClInclude Include="..\systems\line_drawer.h" />
    <ClInclude Include="..\systems\physics.h" />
    <ClInclude Include="..\systems\render.h" />
    <ClInclude Include="..\systems\sprite_drawer.h" />
    <ClInclude Include="..\systems\system.h" />
    <ClInclude Include="..\systems\text.h" />
    <ClInclude Include="..\systems\defaults.h" />
    <ClInclude Include="..\systems\input.h" />
    <ClInclude Include="..\systems\input_hand.h" />
    <ClInclude Include="..\systems\input_hand_poses.h" />
    <ClInclude Include="..\systems\input_leap.h" />
    <ClInclude Include="..\systems\line_drawer.h" />
    <ClInclude Include="..\systems\physics.h" />
    <ClInclude Include="..\systems\render.h" />
    <ClInclude Include="..\systems\sprite_drawer.h" />
    <ClInclude Include="..\systems\system.h" />
    <ClInclude Include="..\systems\text.h" />
    <ClInclude Include="..\systems\defaults.h" />
    <ClInclude Include="..\systems\input.h" />
    <ClInclude Include="..\systems\input_hand.h" />
    <ClInclude Include="..\systems\input_hand_poses.h" />
    <ClInclude Include="..\systems\input_leap.h" />
    <ClInclude Include="..\systems\line_drawer.h" />
    <ClInclude Include="..\systems\physics.h" />
    <ClInclude Include="..\systems\render.h" />
    <ClInclude Include="..\systems\sprite_drawer.h" />
    <ClInclude Include="..\systems\system.h" />
    <ClInclude Include="..\systems\text.h" />
    <ClInclude Include="..\systems\defaults.h" />
    <ClInclude Include="..\systems\input.h" />
    <ClInclude Include="..\systems\input_hand.h" />
    <ClInclude Include="..\systems\input_hand_poses.h" />
    <ClInclude Include="..\systems\input_leap.h" />
    <ClInclude Include="..\systems\line_drawer.h" />
    <ClInclude Include="..\systems\physics.h" />
    <ClInclude Include="..\systems\render.h" />
    <ClInclude Include="..\systems\sprite_drawer.h" />
    <ClInclude Include="..\systems\system.h" />
    <ClInclude Include="..\systems\text.h" />
    <ClInclude Include="..\systems\defaults.h" />
    <ClInclude Include="..\systems\input.h" />
    <ClInclude Include="..\systems\input_hand.h" />
    <ClInclude Include="..\systems\input_hand_poses.h" />
    <ClInclude Include="..\systems\input_leap.h" />
    <ClInclude Include="..\systems\line_drawer.h" />
    <ClInclude Include="..\systems\physics.h" />
    <ClInclude Include="..\systems\render.h" />
    <ClInclude Include="..\systems\sprite_drawer.h" />
    <ClInclude Include="..\systems\system.h" />
    <ClInclude Include="..\systems\text.h" />
    <ClInclude Include="..\systems\platform\platform.h" />
    <ClInclude Include="..\systems\platform\win32.h" />
    <ClInclude Include="..\systems\platform\win32_input.h" />
    <ClInclude Include="..\*.h">
      <Filter>reference_files</Filter>
    </ClInclude>
    <ClInclude Include="..\systems\*.h">
      <Filter>reference_files</Filter>
    </ClInclude>
    <ClInclude Include="..\asset_types\*.h">
      <Filter>reference_files</Filter>
    </ClInclude>
    <ClInclude Include="..\systems\*.h">
      <Filter>reference_files</Filter>
    </ClInclude>
    <ClInclude Include="..\systems\*.h">
      <Filter>reference_files</Filter>
    </ClInclude>
    <ClInclude Include="..\systems\*.h">
      <Filter>reference_files</Filter>
    </ClInclude>
    <ClInclude Include="..\systems\*.h">
      <Filter>reference_files</Filter>
    </ClInclude>
    <ClInclude Include="..\systems\*.h">
      <Filter>reference_files</Filter>
    </ClInclude>
    <ClInclude Include="..\asset_types\*.h">
      <Filter>reference_files</Filter>
    </ClInclude>
    <ClInclude Include="..\asset_types\*.h">
      <Filter>reference_files</Filter>
    </ClInclude>
    <ClInclude Include="..\asset_types\*.h">
      <Filter>reference_files</Filter>
    </ClInclude>
    <ClInclude Include="..\systems\*.h">
      <Filter>reference_files</Filter>
    </ClInclude>
    <ClInclude Include="..\systems\platform\*.h">
      <Filter>reference_files</Filter>
    </ClInclude>
    <ClInclude Include="..\systems\*.h">
      <Filter>reference_files</Filter>
    </ClInclude>
    <ClInclude Include="..\asset_types\*.h">
      <Filter>reference_files</Filter>
    </ClInclude>
    <ClInclude Include="..\asset_types\*.h">
      <Filter>reference_files</Filter>
    </ClInclude>
    <ClInclude Include="..\systems\*.h">
      <Filter>reference_files</Filter>
    </ClInclude>
    <ClInclude Include="..\libraries\*.h">
      <Filter>reference_files</Filter>
    </ClInclude>
    <ClInclude Include="..\libraries\*.h">
      <Filter>reference_files</Filter>
    </ClInclude>
    <ClInclude Include="..\libraries\*.h">
      <Filter>reference_files</Filter>
    </ClInclude>
    <ClInclude Include="..\*.h">
      <Filter>reference_files</Filter>
    </ClInclude>
    <ClInclude Include="..\*.h">
      <Filter>reference_files</Filter>
    </ClInclude>
    <ClInclude Include="..\libraries\*.h">
      <Filter>reference_files</Filter>
    </ClInclude>
    <ClInclude Include="..\systems\*.h">
      <Filter>reference_files</Filter>
    </ClInclude>
    <ClInclude Include="..\systems\*.h">
      <Filter>reference_files</Filter>
    </ClInclude>
    <ClInclude Include="..\asset_types\*.h">
      <Filter>reference_files</Filter>
    </ClInclude>
    <ClInclude Include="..\systems\platform\*.h">
      <Filter>reference_files</Filter>
    </ClInclude>
    <ClInclude Include="..\systems\platform\*.h">
      <Filter>reference_files</Filter>
    </ClInclude>
    <ClInclude Include="..\*.h" />
    <ClInclude Include="..\*.h" />
    <ClInclude Include="..\*.h" />
    <ClInclude Include="..\libraries\*.h" />
    <ClInclude Include="..\libraries\*.h" />
    <ClInclude Include="..\libraries\*.h" />
    <ClInclude Include="..\libraries\*.h" />
    <ClInclude Include="..\asset_types\*.h" />
    <ClInclude Include="..\asset_types\*.h" />
    <ClInclude Include="..\asset_types\*.h" />
    <ClInclude Include="..\asset_types\*.h" />
    <ClInclude Include="..\asset_types\*.h" />
    <ClInclude Include="..\asset_types\*.h" />
    <ClInclude Include="..\asset_types\*.h" />
    <ClInclude Include="..\systems\*.h" />
    <ClInclude Include="..\systems\*.h" />
    <ClInclude Include="..\systems\*.h" />
    <ClInclude Include="..\systems\*.h" />
    <ClInclude Include="..\systems\*.h" />
    <ClInclude Include="..\systems\*.h" />
    <ClInclude Include="..\systems\*.h" />
    <ClInclude Include="..\systems\*.h" />
    <ClInclude Include="..\systems\*.h" />
    <ClInclude Include="..\systems\*.h" />
    <ClInclude Include="..\systems\*.h" />
    <ClInclude Include="..\systems\platform\*.h" />
    <ClInclude Include="..\systems\platform\*.h" />
    <ClInclude Include="..\systems\platform\*.h" />
    <ClInclude Include="..\stereokit.h" />
    <ClInclude Include="..\stereokit_ui.h" />
    <ClInclude Include="..\_stereokit.h" />
    <ClInclude Include="..\stereokit.h" />
    <ClInclude Include="..\stereokit_ui.h" />
    <ClInclude Include="..\_stereokit.h" />
    <ClInclude Include="..\stereokit.h" />
    <ClInclude Include="..\stereokit_ui.h" />
    <ClInclude Include="..\_stereokit.h" />
    <ClInclude Include="..\libraries\stb_image.h" />
    <ClInclude Include="..\libraries\stb_rect_pack.h" />
    <ClInclude Include="..\libraries\stb_truetype.h" />
    <ClInclude Include="..\libraries\stref.h" />
    <ClInclude Include="..\libraries\stb_image.h" />
    <ClInclude Include="..\libraries\stb_rect_pack.h" />
    <ClInclude Include="..\libraries\stb_truetype.h" />
    <ClInclude Include="..\libraries\stref.h" />
    <ClInclude Include="..\libraries\stb_image.h" />
    <ClInclude Include="..\libraries\stb_rect_pack.h" />
    <ClInclude Include="..\libraries\stb_truetype.h" />
    <ClInclude Include="..\libraries\stref.h" />
    <ClInclude Include="..\libraries\stb_image.h" />
    <ClInclude Include="..\libraries\stb_rect_pack.h" />
    <ClInclude Include="..\libraries\stb_truetype.h" />
    <ClInclude Include="..\libraries\stref.h" />
    <ClInclude Include="..\asset_types\font.h" />
    <ClInclude Include="..\asset_types\material.h" />
    <ClInclude Include="..\asset_types\mesh.h" />
    <ClInclude Include="..\asset_types\model.h" />
    <ClInclude Include="..\asset_types\shader.h" />
    <ClInclude Include="..\asset_types\sprite.h" />
    <ClInclude Include="..\asset_types\texture.h" />
    <ClInclude Include="..\asset_types\font.h" />
    <ClInclude Include="..\asset_types\material.h" />
    <ClInclude Include="..\asset_types\mesh.h" />
    <ClInclude Include="..\asset_types\model.h" />
    <ClInclude Include="..\asset_types\shader.h" />
    <ClInclude Include="..\asset_types\sprite.h" />
    <ClInclude Include="..\asset_types\texture.h" />
    <ClInclude Include="..\asset_types\font.h" />
    <ClInclude Include="..\asset_types\material.h" />
    <ClInclude Include="..\asset_types\mesh.h" />
    <ClInclude Include="..\asset_types\model.h" />
    <ClInclude Include="..\asset_types\shader.h" />
    <ClInclude Include="..\asset_types\sprite.h" />
    <ClInclude Include="..\asset_types\texture.h" />
    <ClInclude Include="..\asset_types\font.h" />
    <ClInclude Include="..\asset_types\material.h" />
    <ClInclude Include="..\asset_types\mesh.h" />
    <ClInclude Include="..\asset_types\model.h" />
    <ClInclude Include="..\asset_types\shader.h" />
    <ClInclude Include="..\asset_types\sprite.h" />
    <ClInclude Include="..\asset_types\texture.h" />
    <ClInclude Include="..\asset_types\font.h" />
    <ClInclude Include="..\asset_types\material.h" />
    <ClInclude Include="..\asset_types\mesh.h" />
    <ClInclude Include="..\asset_types\model.h" />
    <ClInclude Include="..\asset_types\shader.h" />
    <ClInclude Include="..\asset_types\sprite.h" />
    <ClInclude Include="..\asset_types\texture.h" />
    <ClInclude Include="..\asset_types\font.h" />
    <ClInclude Include="..\asset_types\material.h" />
    <ClInclude Include="..\asset_types\mesh.h" />
    <ClInclude Include="..\asset_types\model.h" />
    <ClInclude Include="..\asset_types\shader.h" />
    <ClInclude Include="..\asset_types\sprite.h" />
    <ClInclude Include="..\asset_types\texture.h" />
    <ClInclude Include="..\asset_types\font.h" />
    <ClInclude Include="..\asset_types\material.h" />
    <ClInclude Include="..\asset_types\mesh.h" />
    <ClInclude Include="..\asset_types\model.h" />
    <ClInclude Include="..\asset_types\shader.h" />
    <ClInclude Include="..\asset_types\sprite.h" />
    <ClInclude Include="..\asset_types\texture.h" />
    <ClInclude Include="..\systems\defaults.h" />
    <ClInclude Include="..\systems\input.h" />
    <ClInclude Include="..\systems\input_hand.h" />
    <ClInclude Include="..\systems\input_hand_poses.h" />
    <ClInclude Include="..\systems\input_leap.h" />
    <ClInclude Include="..\systems\line_drawer.h" />
    <ClInclude Include="..\systems\physics.h" />
    <ClInclude Include="..\systems\render.h" />
    <ClInclude Include="..\systems\sprite_drawer.h" />
    <ClInclude Include="..\systems\system.h" />
    <ClInclude Include="..\systems\text.h" />
    <ClInclude Include="..\systems\defaults.h" />
    <ClInclude Include="..\systems\input.h" />
    <ClInclude Include="..\systems\input_hand.h" />
    <ClInclude Include="..\systems\input_hand_poses.h" />
    <ClInclude Include="..\systems\input_leap.h" />
    <ClInclude Include="..\systems\line_drawer.h" />
    <ClInclude Include="..\systems\physics.h" />
    <ClInclude Include="..\systems\render.h" />
    <ClInclude Include="..\systems\sprite_drawer.h" />
    <ClInclude Include="..\systems\system.h" />
    <ClInclude Include="..\systems\text.h" />
    <ClInclude Include="..\systems\defaults.h" />
    <ClInclude Include="..\systems\input.h" />
    <ClInclude Include="..\systems\input_hand.h" />
    <ClInclude Include="..\systems\input_hand_poses.h" />
    <ClInclude Include="..\systems\input_leap.h" />
    <ClInclude Include="..\systems\line_drawer.h" />
    <ClInclude Include="..\systems\physics.h" />
    <ClInclude Include="..\systems\render.h" />
    <ClInclude Include="..\systems\sprite_drawer.h" />
    <ClInclude Include="..\systems\system.h" />
    <ClInclude Include="..\systems\text.h" />
    <ClInclude Include="..\systems\defaults.h" />
    <ClInclude Include="..\systems\input.h" />
    <ClInclude Include="..\systems\input_hand.h" />
    <ClInclude Include="..\systems\input_hand_poses.h" />
    <ClInclude Include="..\systems\input_leap.h" />
    <ClInclude Include="..\systems\line_drawer.h" />
    <ClInclude Include="..\systems\physics.h" />
    <ClInclude Include="..\systems\render.h" />
    <ClInclude Include="..\systems\sprite_drawer.h" />
    <ClInclude Include="..\systems\system.h" />
    <ClInclude Include="..\systems\text.h" />
    <ClInclude Include="..\systems\defaults.h" />
    <ClInclude Include="..\systems\input.h" />
    <ClInclude Include="..\systems\input_hand.h" />
    <ClInclude Include="..\systems\input_hand_poses.h" />
    <ClInclude Include="..\systems\input_leap.h" />
    <ClInclude Include="..\systems\line_drawer.h" />
    <ClInclude Include="..\systems\physics.h" />
    <ClInclude Include="..\systems\render.h" />
    <ClInclude Include="..\systems\sprite_drawer.h" />
    <ClInclude Include="..\systems\system.h" />
    <ClInclude Include="..\systems\text.h" />
    <ClInclude Include="..\systems\defaults.h" />
    <ClInclude Include="..\systems\input.h" />
    <ClInclude Include="..\systems\input_hand.h" />
    <ClInclude Include="..\systems\input_hand_poses.h" />
    <ClInclude Include="..\systems\input_leap.h" />
    <ClInclude Include="..\systems\line_drawer.h" />
    <ClInclude Include="..\systems\physics.h" />
    <ClInclude Include="..\systems\render.h" />
    <ClInclude Include="..\systems\sprite_drawer.h" />
    <ClInclude Include="..\systems\system.h" />
    <ClInclude Include="..\systems\text.h" />
    <ClInclude Include="..\systems\defaults.h" />
    <ClInclude Include="..\systems\input.h" />
    <ClInclude Include="..\systems\input_hand.h" />
    <ClInclude Include="..\systems\input_hand_poses.h" />
    <ClInclude Include="..\systems\input_leap.h" />
    <ClInclude Include="..\systems\line_drawer.h" />
    <ClInclude Include="..\systems\physics.h" />
    <ClInclude Include="..\systems\render.h" />
    <ClInclude Include="..\systems\sprite_drawer.h" />
    <ClInclude Include="..\systems\system.h" />
    <ClInclude Include="..\systems\text.h" />
    <ClInclude Include="..\systems\defaults.h" />
    <ClInclude Include="..\systems\input.h" />
    <ClInclude Include="..\systems\input_hand.h" />
    <ClInclude Include="..\systems\input_hand_poses.h" />
    <ClInclude Include="..\systems\input_leap.h" />
    <ClInclude Include="..\systems\line_drawer.h" />
    <ClInclude Include="..\systems\physics.h" />
    <ClInclude Include="..\systems\render.h" />
    <ClInclude Include="..\systems\sprite_drawer.h" />
    <ClInclude Include="..\systems\system.h" />
    <ClInclude Include="..\systems\text.h" />
    <ClInclude Include="..\systems\defaults.h" />
    <ClInclude Include="..\systems\input.h" />
    <ClInclude Include="..\systems\input_hand.h" />
    <ClInclude Include="..\systems\input_hand_poses.h" />
    <ClInclude Include="..\systems\input_leap.h" />
    <ClInclude Include="..\systems\line_drawer.h" />
    <ClInclude Include="..\systems\physics.h" />
    <ClInclude Include="..\systems\render.h" />
    <ClInclude Include="..\systems\sprite_drawer.h" />
    <ClInclude Include="..\systems\system.h" />
    <ClInclude Include="..\systems\text.h" />
    <ClInclude Include="..\systems\defaults.h" />
    <ClInclude Include="..\systems\input.h" />
    <ClInclude Include="..\systems\input_hand.h" />
    <ClInclude Include="..\systems\input_hand_poses.h" />
    <ClInclude Include="..\systems\input_leap.h" />
    <ClInclude Include="..\systems\line_drawer.h" />
    <ClInclude Include="..\systems\physics.h" />
    <ClInclude Include="..\systems\render.h" />
    <ClInclude Include="..\systems\sprite_drawer.h" />
    <ClInclude Include="..\systems\system.h" />
    <ClInclude Include="..\systems\text.h" />
    <ClInclude Include="..\systems\defaults.h" />
    <ClInclude Include="..\systems\input.h" />
    <ClInclude Include="..\systems\input_hand.h" />
    <ClInclude Include="..\systems\input_hand_poses.h" />
    <ClInclude Include="..\systems\input_leap.h" />
    <ClInclude Include="..\systems\line_drawer.h" />
    <ClInclude Include="..\systems\physics.h" />
    <ClInclude Include="..\systems\render.h" />
    <ClInclude Include="..\systems\sprite_drawer.h" />
    <ClInclude Include="..\systems\system.h" />
    <ClInclude Include="..\systems\text.h" />
    <ClInclude Include="..\systems\platform\platform.h" />
    <ClInclude Include="..\systems\platform\win32.h" />
    <ClInclude Include="..\systems\platform\win32_input.h" />
    <ClInclude Include="..\systems\platform\platform.h" />
    <ClInclude Include="..\systems\platform\win32.h" />
    <ClInclude Include="..\systems\platform\win32_input.h" />
    <ClInclude Include="..\systems\platform\platform.h" />
    <ClInclude Include="..\systems\platform\win32.h" />
    <ClInclude Include="..\systems\platform\win32_input.h" />
    <ClInclude Include="..\*.h">
      <Filter>reference_files</Filter>
    </ClInclude>
    <ClInclude Include="..\systems\*.h">
      <Filter>reference_files</Filter>
    </ClInclude>
    <ClInclude Include="..\asset_types\*.h">
      <Filter>reference_files</Filter>
    </ClInclude>
    <ClInclude Include="..\systems\*.h">
      <Filter>reference_files</Filter>
    </ClInclude>
    <ClInclude Include="..\systems\*.h">
      <Filter>reference_files</Filter>
    </ClInclude>
    <ClInclude Include="..\systems\*.h">
      <Filter>reference_files</Filter>
    </ClInclude>
    <ClInclude Include="..\systems\*.h">
      <Filter>reference_files</Filter>
    </ClInclude>
    <ClInclude Include="..\systems\*.h">
      <Filter>reference_files</Filter>
    </ClInclude>
    <ClInclude Include="..\asset_types\*.h">
      <Filter>reference_files</Filter>
    </ClInclude>
    <ClInclude Include="..\asset_types\*.h">
      <Filter>reference_files</Filter>
    </ClInclude>
    <ClInclude Include="..\asset_types\*.h">
      <Filter>reference_files</Filter>
    </ClInclude>
    <ClInclude Include="..\systems\*.h">
      <Filter>reference_files</Filter>
    </ClInclude>
    <ClInclude Include="..\systems\platform\*.h">
      <Filter>reference_files</Filter>
    </ClInclude>
    <ClInclude Include="..\systems\*.h">
      <Filter>reference_files</Filter>
    </ClInclude>
    <ClInclude Include="..\asset_types\*.h">
      <Filter>reference_files</Filter>
    </ClInclude>
    <ClInclude Include="..\asset_types\*.h">
      <Filter>reference_files</Filter>
    </ClInclude>
    <ClInclude Include="..\systems\*.h">
      <Filter>reference_files</Filter>
    </ClInclude>
    <ClInclude Include="..\libraries\*.h">
      <Filter>reference_files</Filter>
    </ClInclude>
    <ClInclude Include="..\libraries\*.h">
      <Filter>reference_files</Filter>
    </ClInclude>
    <ClInclude Include="..\libraries\*.h">
      <Filter>reference_files</Filter>
    </ClInclude>
    <ClInclude Include="..\*.h">
      <Filter>reference_files</Filter>
    </ClInclude>
    <ClInclude Include="..\*.h">
      <Filter>reference_files</Filter>
    </ClInclude>
    <ClInclude Include="..\libraries\*.h">
      <Filter>reference_files</Filter>
    </ClInclude>
    <ClInclude Include="..\systems\*.h">
      <Filter>reference_files</Filter>
    </ClInclude>
    <ClInclude Include="..\systems\*.h">
      <Filter>reference_files</Filter>
    </ClInclude>
    <ClInclude Include="..\asset_types\*.h">
      <Filter>reference_files</Filter>
    </ClInclude>
    <ClInclude Include="..\systems\platform\*.h">
      <Filter>reference_files</Filter>
    </ClInclude>
    <ClInclude Include="..\systems\platform\*.h">
      <Filter>reference_files</Filter>
    </ClInclude>
  </ItemGroup>
  <ItemGroup>
    <Filter Include="reference_files">
      <UniqueIdentifier>{d1e23cd5-4263-4223-83a4-a2eababf6780}</UniqueIdentifier>
    </Filter>
  </ItemGroup>
</Project>