
Microsoft Visual Studio Solution File, Format Version 12.00
# Visual Studio Version 17
VisualStudioVersion = 17.1.31903.286
MinimumVisualStudioVersion = 10.0.40219.1
Project("{FAE04EC0-301F-11D3-BF4B-00C04F79EFBC}") = "SKTemplates", "SKTemplates\SKTemplates.csproj", "{E58BE7A6-61B7-44AD-9841-D3ADDB416798}"
EndProject
Project("{9A19103F-16F7-4668-BE54-9A1E7A4F7556}") = "SKTemplate_NetCore", "SKTemplate_NetCore\SKTemplate_NetCore.csproj", "{F09DA95F-583E-449F-B62C-3AC5AC89B7FE}"
EndProject
Project("{FAE04EC0-301F-11D3-BF4B-00C04F79EFBC}") = "SKTemplate_UWP", "SKTemplate_UWP\SKTemplate_UWP.csproj", "{EB50E752-CF5E-4E7D-B81D-26A67CFCC6F2}"
EndProject
Global
	GlobalSection(SolutionConfigurationPlatforms) = preSolution
		Debug|Any CPU = Debug|Any CPU
		Debug|ARM = Debug|ARM
		Debug|ARM64 = Debug|ARM64
		Debug|x64 = Debug|x64
		Debug|x86 = Debug|x86
		Release|Any CPU = Release|Any CPU
		Release|ARM = Release|ARM
		Release|ARM64 = Release|ARM64
		Release|x64 = Release|x64
		Release|x86 = Release|x86
	EndGlobalSection
	GlobalSection(ProjectConfigurationPlatforms) = postSolution
		{E58BE7A6-61B7-44AD-9841-D3ADDB416798}.Debug|Any CPU.ActiveCfg = Debug|Any CPU
		{E58BE7A6-61B7-44AD-9841-D3ADDB416798}.Debug|Any CPU.Build.0 = Debug|Any CPU
		{E58BE7A6-61B7-44AD-9841-D3ADDB416798}.Debug|ARM.ActiveCfg = Debug|Any CPU
		{E58BE7A6-61B7-44AD-9841-D3ADDB416798}.Debug|ARM.Build.0 = Debug|Any CPU
		{E58BE7A6-61B7-44AD-9841-D3ADDB416798}.Debug|ARM64.ActiveCfg = Debug|Any CPU
		{E58BE7A6-61B7-44AD-9841-D3ADDB416798}.Debug|ARM64.Build.0 = Debug|Any CPU
		{E58BE7A6-61B7-44AD-9841-D3ADDB416798}.Debug|x64.ActiveCfg = Debug|Any CPU
		{E58BE7A6-61B7-44AD-9841-D3ADDB416798}.Debug|x64.Build.0 = Debug|Any CPU
		{E58BE7A6-61B7-44AD-9841-D3ADDB416798}.Debug|x86.ActiveCfg = Debug|Any CPU
		{E58BE7A6-61B7-44AD-9841-D3ADDB416798}.Debug|x86.Build.0 = Debug|Any CPU
		{E58BE7A6-61B7-44AD-9841-D3ADDB416798}.Release|Any CPU.ActiveCfg = Release|Any CPU
		{E58BE7A6-61B7-44AD-9841-D3ADDB416798}.Release|Any CPU.Build.0 = Release|Any CPU
		{E58BE7A6-61B7-44AD-9841-D3ADDB416798}.Release|ARM.ActiveCfg = Release|Any CPU
		{E58BE7A6-61B7-44AD-9841-D3ADDB416798}.Release|ARM.Build.0 = Release|Any CPU
		{E58BE7A6-61B7-44AD-9841-D3ADDB416798}.Release|ARM64.ActiveCfg = Release|Any CPU
		{E58BE7A6-61B7-44AD-9841-D3ADDB416798}.Release|ARM64.Build.0 = Release|Any CPU
		{E58BE7A6-61B7-44AD-9841-D3ADDB416798}.Release|x64.ActiveCfg = Release|Any CPU
		{E58BE7A6-61B7-44AD-9841-D3ADDB416798}.Release|x64.Build.0 = Release|Any CPU
		{E58BE7A6-61B7-44AD-9841-D3ADDB416798}.Release|x86.ActiveCfg = Release|Any CPU
		{E58BE7A6-61B7-44AD-9841-D3ADDB416798}.Release|x86.Build.0 = Release|Any CPU
		{F09DA95F-583E-449F-B62C-3AC5AC89B7FE}.Debug|Any CPU.ActiveCfg = Debug|Any CPU
		{F09DA95F-583E-449F-B62C-3AC5AC89B7FE}.Debug|ARM.ActiveCfg = Debug|Any CPU
		{F09DA95F-583E-449F-B62C-3AC5AC89B7FE}.Debug|ARM64.ActiveCfg = Debug|Any CPU
		{F09DA95F-583E-449F-B62C-3AC5AC89B7FE}.Debug|x64.ActiveCfg = Debug|Any CPU
		{F09DA95F-583E-449F-B62C-3AC5AC89B7FE}.Debug|x86.ActiveCfg = Debug|Any CPU
		{F09DA95F-583E-449F-B62C-3AC5AC89B7FE}.Release|Any CPU.ActiveCfg = Release|Any CPU
		{F09DA95F-583E-449F-B62C-3AC5AC89B7FE}.Release|Any CPU.Build.0 = Release|Any CPU
		{F09DA95F-583E-449F-B62C-3AC5AC89B7FE}.Release|ARM.ActiveCfg = Release|Any CPU
		{F09DA95F-583E-449F-B62C-3AC5AC89B7FE}.Release|ARM.Build.0 = Release|Any CPU
		{F09DA95F-583E-449F-B62C-3AC5AC89B7FE}.Release|ARM64.ActiveCfg = Release|Any CPU
		{F09DA95F-583E-449F-B62C-3AC5AC89B7FE}.Release|ARM64.Build.0 = Release|Any CPU
		{F09DA95F-583E-449F-B62C-3AC5AC89B7FE}.Release|x64.ActiveCfg = Release|Any CPU
		{F09DA95F-583E-449F-B62C-3AC5AC89B7FE}.Release|x64.Build.0 = Release|Any CPU
		{F09DA95F-583E-449F-B62C-3AC5AC89B7FE}.Release|x86.ActiveCfg = Release|Any CPU
		{F09DA95F-583E-449F-B62C-3AC5AC89B7FE}.Release|x86.Build.0 = Release|Any CPU
		{EB50E752-CF5E-4E7D-B81D-26A67CFCC6F2}.Debug|Any CPU.ActiveCfg = Debug|x64
		{EB50E752-CF5E-4E7D-B81D-26A67CFCC6F2}.Debug|ARM.ActiveCfg = Debug|x64
		{EB50E752-CF5E-4E7D-B81D-26A67CFCC6F2}.Debug|ARM64.ActiveCfg = Debug|ARM64
		{EB50E752-CF5E-4E7D-B81D-26A67CFCC6F2}.Debug|ARM64.Build.0 = Debug|ARM64
		{EB50E752-CF5E-4E7D-B81D-26A67CFCC6F2}.Debug|ARM64.Deploy.0 = Debug|ARM64
		{EB50E752-CF5E-4E7D-B81D-26A67CFCC6F2}.Debug|x64.ActiveCfg = Debug|x64
		{EB50E752-CF5E-4E7D-B81D-26A67CFCC6F2}.Debug|x64.Build.0 = Debug|x64
		{EB50E752-CF5E-4E7D-B81D-26A67CFCC6F2}.Debug|x64.Deploy.0 = Debug|x64
		{EB50E752-CF5E-4E7D-B81D-26A67CFCC6F2}.Debug|x86.ActiveCfg = Debug|x64
		{EB50E752-CF5E-4E7D-B81D-26A67CFCC6F2}.Release|Any CPU.ActiveCfg = Release|x64
		{EB50E752-CF5E-4E7D-B81D-26A67CFCC6F2}.Release|ARM.ActiveCfg = Release|x64
		{EB50E752-CF5E-4E7D-B81D-26A67CFCC6F2}.Release|ARM64.ActiveCfg = Release|ARM64
		{EB50E752-CF5E-4E7D-B81D-26A67CFCC6F2}.Release|ARM64.Build.0 = Release|ARM64
		{EB50E752-CF5E-4E7D-B81D-26A67CFCC6F2}.Release|ARM64.Deploy.0 = Release|ARM64
		{EB50E752-CF5E-4E7D-B81D-26A67CFCC6F2}.Release|x64.ActiveCfg = Release|x64
		{EB50E752-CF5E-4E7D-B81D-26A67CFCC6F2}.Release|x64.Build.0 = Release|x64
		{EB50E752-CF5E-4E7D-B81D-26A67CFCC6F2}.Release|x64.Deploy.0 = Release|x64
		{EB50E752-CF5E-4E7D-B81D-26A67CFCC6F2}.Release|x86.ActiveCfg = Release|x64
	EndGlobalSection
	GlobalSection(SolutionProperties) = preSolution
		HideSolutionNode = FALSE
	EndGlobalSection
	GlobalSection(ExtensibilityGlobals) = postSolution
		SolutionGuid = {7D8E3DDA-A6B6-4563-B621-F0225C6C836D}
	EndGlobalSection
EndGlobal
