<?xml version="1.0" encoding="utf-8"?>
<Project ToolsVersion="4.0" xmlns="http://schemas.microsoft.com/developer/msbuild/2003">
  <ItemGroup>
    <ClCompile Include="..\*.cpp" />
    <ClCompile Include="..\*.cpp" />
    <ClCompile Include="..\*.cpp" />
    <ClCompile Include="..\*.cpp" />
    <ClCompile Include="..\*.cpp" />
    <ClCompile Include="..\*.cpp" />
    <ClCompile Include="..\*.cpp" />
    <ClCompile Include="..\*.cpp" />
    <ClCompile Include="..\libraries\*.cpp" />
    <ClCompile Include="..\libraries\*.cpp" />
    <ClCompile Include="..\libraries\*.cpp" />
    <ClCompile Include="..\libraries\*.cpp" />
    <ClCompile Include="..\libraries\*.cpp" />
    <ClCompile Include="..\asset_types\*.cpp" />
    <ClCompile Include="..\asset_types\*.cpp" />
    <ClCompile Include="..\asset_types\*.cpp" />
    <ClCompile Include="..\asset_types\*.cpp" />
    <ClCompile Include="..\asset_types\*.cpp" />
    <ClCompile Include="..\asset_types\*.cpp" />
    <ClCompile Include="..\asset_types\*.cpp" />
    <ClCompile Include="..\asset_types\*.cpp" />
    <ClCompile Include="..\asset_types\*.cpp" />
    <ClCompile Include="..\asset_types\*.cpp" />
    <ClCompile Include="..\asset_types\*.cpp" />
    <ClCompile Include="..\asset_types\*.cpp" />
    <ClCompile Include="..\asset_types\*.cpp" />
    <ClCompile Include="..\systems\*.cpp" />
    <ClCompile Include="..\systems\*.cpp" />
    <ClCompile Include="..\systems\*.cpp" />
    <ClCompile Include="..\systems\*.cpp" />
    <ClCompile Include="..\systems\*.cpp" />
    <ClCompile Include="..\systems\*.cpp" />
    <ClCompile Include="..\systems\*.cpp" />
    <ClCompile Include="..\systems\*.cpp" />
    <ClCompile Include="..\systems\*.cpp" />
    <ClCompile Include="..\systems\platform\*.cpp" />
    <ClCompile Include="..\systems\platform\*.cpp" />
    <ClCompile Include="..\systems\platform\*.cpp" />
    <ClCompile Include="..\systems\platform\*.cpp" />
    <ClCompile Include="..\systems\platform\*.cpp" />
    <ClCompile Include="..\systems\platform\*.cpp" />
    <ClCompile Include="..\systems\platform\*.cpp" />
    <ClCompile Include="..\systems\platform\*.cpp" />
    <ClCompile Include="..\systems\hand\*.cpp" />
    <ClCompile Include="..\systems\hand\*.cpp" />
    <ClCompile Include="..\systems\hand\*.cpp" />
    <ClCompile Include="..\systems\hand\*.cpp" />
    <ClCompile Include="..\systems\hand\*.cpp" />
  </ItemGroup>
  <ItemGroup>
    <ClInclude Include="..\*.h" />
    <ClInclude Include="..\*.h" />
    <ClInclude Include="..\*.h" />
    <ClInclude Include="..\*.h" />
    <ClInclude Include="..\*.h" />
    <ClInclude Include="..\*.h" />
    <ClInclude Include="..\*.h" />
    <ClInclude Include="..\*.h" />
    <ClInclude Include="..\libraries\*.h" />
    <ClInclude Include="..\libraries\*.h" />
    <ClInclude Include="..\libraries\*.h" />
    <ClInclude Include="..\libraries\*.h" />
    <ClInclude Include="..\libraries\*.h" />
    <ClInclude Include="..\libraries\*.h" />
    <ClInclude Include="..\libraries\*.h" />
    <ClInclude Include="..\libraries\*.h" />
    <ClInclude Include="..\libraries\*.h" />
    <ClInclude Include="..\libraries\*.h" />
    <ClInclude Include="..\libraries\*.h" />
    <ClInclude Include="..\libraries\*.h" />
    <ClInclude Include="..\libraries\*.h" />
    <ClInclude Include="..\libraries\*.h" />
    <ClInclude Include="..\libraries\*.h" />
    <ClInclude Include="..\asset_types\*.h" />
    <ClInclude Include="..\asset_types\*.h" />
    <ClInclude Include="..\asset_types\*.h" />
    <ClInclude Include="..\asset_types\*.h" />
    <ClInclude Include="..\asset_types\*.h" />
    <ClInclude Include="..\asset_types\*.h" />
    <ClInclude Include="..\asset_types\*.h" />
    <ClInclude Include="..\asset_types\*.h" />
    <ClInclude Include="..\asset_types\*.h" />
    <ClInclude Include="..\systems\*.h" />
    <ClInclude Include="..\systems\*.h" />
    <ClInclude Include="..\systems\*.h" />
    <ClInclude Include="..\systems\*.h" />
    <ClInclude Include="..\systems\*.h" />
    <ClInclude Include="..\systems\*.h" />
    <ClInclude Include="..\systems\*.h" />
    <ClInclude Include="..\systems\*.h" />
    <ClInclude Include="..\systems\*.h" />
    <ClInclude Include="..\systems\platform\*.h" />
    <ClInclude Include="..\systems\platform\*.h" />
    <ClInclude Include="..\systems\platform\*.h" />
    <ClInclude Include="..\systems\platform\*.h" />
    <ClInclude Include="..\systems\platform\*.h" />
    <ClInclude Include="..\systems\platform\*.h" />
    <ClInclude Include="..\systems\platform\*.h" />
    <ClInclude Include="..\systems\platform\*.h" />
    <ClInclude Include="..\systems\platform\*.h" />
    <ClInclude Include="..\systems\hand\*.h" />
    <ClInclude Include="..\systems\hand\*.h" />
    <ClInclude Include="..\systems\hand\*.h" />
    <ClInclude Include="..\systems\hand\*.h" />
    <ClInclude Include="..\systems\hand\*.h" />
    <ClInclude Include="..\systems\hand\*.h" />
    <ClInclude Include="..\shaders_builtin\*.h" />
    <ClInclude Include="..\shaders_builtin\*.h" />
    <ClInclude Include="..\shaders_builtin\*.h" />
    <ClInclude Include="..\shaders_builtin\*.h" />
    <ClInclude Include="..\shaders_builtin\*.h" />
    <ClInclude Include="..\shaders_builtin\*.h" />
    <ClInclude Include="..\shaders_builtin\*.h" />
    <ClInclude Include="..\shaders_builtin\*.h" />
    <ClInclude Include="..\shaders_builtin\*.h" />
    <ClInclude Include="..\shaders_builtin\*.h" />
  </ItemGroup>
  <ItemGroup>
    <Library Include="..\lib\bin\arm64-v8a\Release\libopenxr_loader.so" />
  </ItemGroup>
</Project>